PODS:
  - AppAuth (0.95.0)
  - CarriersSharedAPI (0.1.0)

DEPENDENCIES:
  - AppAuth (from `https://github.com/openid/AppAuth-iOS`, tag `0.95.0`)
  - CarriersSharedAPI (from `../../`)

EXTERNAL SOURCES:
  AppAuth:
    :git: https://github.com/openid/AppAuth-iOS
    :tag: 0.95.0
  CarriersSharedAPI:
    :path: "../../"

CHECKOUT OPTIONS:
  AppAuth:
    :git: https://github.com/openid/AppAuth-iOS
    :tag: 0.95.0

SPEC CHECKSUMS:
  AppAuth: 137f6bb6fc9dfbaf2cf9f6fcff1d336ff0163bc6
  CarriersSharedAPI: 384b74e61b7de44ab5fdfc3ce9c09f57d8fc5f4e

PODFILE CHECKSUM: 3ab9df5d1d2a158b3f8d4c13681a9d8a005f9dee

COCOAPODS: 1.5.3
