PODS:
  - CarriersSharedAPI (0.1.0)
  - CarriersSharedAPI/Tests (0.1.0)

DEPENDENCIES:
  - CarriersSharedAPI (from `../../CarriersSharedAPI.podspec`)
  - CarriersSharedAPI/Tests (from `../../CarriersSharedAPI.podspec`)

EXTERNAL SOURCES:
  CarriersSharedAPI:
    :path: "../../CarriersSharedAPI.podspec"

SPEC CHECKSUMS:
  CarriersSharedAPI: 88f3e3c0494e908eda20499bb49b881676f156b1

PODFILE CHECKSUM: 9a87390994c2526a7defea4505c75b7ad1c5d8e4

COCOAPODS: 1.6.0
