PODS:
  - ZenKeySDK (0.0.1)

DEPENDENCIES:
  - ZenKeySDK (from `../../ZenKeySDK.podspec`)

EXTERNAL SOURCES:
  ZenKeySDK:
    :path: "../../ZenKeySDK.podspec"

SPEC CHECKSUMS:
  ZenKeySDK: 2e9241b418c996d7e5a08515786c05713a551068

PODFILE CHECKSUM: 093490b5661f3a5db5b569c81c822ef5f89150a1

COCOAPODS: 1.6.0
