PODS:
  - CarriersSharedAPI (0.1.0)
  - CarriersSharedAPI/Tests (0.1.0)

DEPENDENCIES:
  - CarriersSharedAPI (from `../../CarriersSharedAPI.podspec`)
  - CarriersSharedAPI/Tests (from `../../CarriersSharedAPI.podspec`)

EXTERNAL SOURCES:
  CarriersSharedAPI:
    :path: "../../CarriersSharedAPI.podspec"

SPEC CHECKSUMS:
  CarriersSharedAPI: 5d4db1e296c5113e23aaf65951237c65b088e7e3

PODFILE CHECKSUM: e4e8aa3e726a308a4c3a85335cea23a7a2e03b7f

COCOAPODS: 1.6.0
