// !$*UTF8*$!
{
	archiveVersion = 1;
	classes = {
	};
	objectVersion = 50;
	objects = {

/* Begin PBXBuildFile section */
		231FFB9822174DE800E2B1BA /* DictionaryUrlQuery.swift in Sources */ = {isa = PBXBuildFile; fileRef = 231FFB9722174DE800E2B1BA /* DictionaryUrlQuery.swift */; };
		231FFB9A221C6DD800E2B1BA /* AuthorizationService.swift in Sources */ = {isa = PBXBuildFile; fileRef = 231FFB99221C6DD800E2B1BA /* AuthorizationService.swift */; };
		231FFB9C221C6DE500E2B1BA /* SDKConfig.swift in Sources */ = {isa = PBXBuildFile; fileRef = 231FFB9B221C6DE500E2B1BA /* SDKConfig.swift */; };
		233A502F22287DD10089BA0D /* Dependencies.swift in Sources */ = {isa = PBXBuildFile; fileRef = 233A502E22287DD10089BA0D /* Dependencies.swift */; };
		233A50312228831A0089BA0D /* MockCarrierInfoService.swift in Sources */ = {isa = PBXBuildFile; fileRef = 233A50302228831A0089BA0D /* MockCarrierInfoService.swift */; };
		233AF964220A3B080023059C /* CarriersSharedAPI.h in Headers */ = {isa = PBXBuildFile; fileRef = 233AF956220A3B080023059C /* CarriersSharedAPI.h */; settings = {ATTRIBUTES = (Public, ); }; };
		233AF96D220A3B750023059C /* JsonDocument.swift in Sources */ = {isa = PBXBuildFile; fileRef = 233AF96B220A3B750023059C /* JsonDocument.swift */; };
		236AC636222714F200E7C900 /* AuthorizationServiceTests.swift in Sources */ = {isa = PBXBuildFile; fileRef = 236AC635222714F100E7C900 /* AuthorizationServiceTests.swift */; };
		236AC638222720E600E7C900 /* OpenIdService.swift in Sources */ = {isa = PBXBuildFile; fileRef = 236AC637222720E600E7C900 /* OpenIdService.swift */; };
		237B7BF522261A4500E29992 /* ScopeTests.swift in Sources */ = {isa = PBXBuildFile; fileRef = 237B7BF422261A4500E29992 /* ScopeTests.swift */; };
		2399F3F92227702A007D3613 /* Error.swift in Sources */ = {isa = PBXBuildFile; fileRef = 2399F3F82227702A007D3613 /* Error.swift */; };
		23B524ED22152129002124D4 /* ProjectVerifyAppDelegate.swift in Sources */ = {isa = PBXBuildFile; fileRef = 23B524EC22152129002124D4 /* ProjectVerifyAppDelegate.swift */; };
		23F88F38221F2B0E00A5F5D9 /* SIMInfo.swift in Sources */ = {isa = PBXBuildFile; fileRef = 23F88F37221F2B0E00A5F5D9 /* SIMInfo.swift */; };
		23F88F3C221F31B800A5F5D9 /* Carrier.swift in Sources */ = {isa = PBXBuildFile; fileRef = 23F88F3B221F31B800A5F5D9 /* Carrier.swift */; };
		23F88F3E221F433900A5F5D9 /* MobileNetworkInfoProvider.swift in Sources */ = {isa = PBXBuildFile; fileRef = 23F88F3D221F433900A5F5D9 /* MobileNetworkInfoProvider.swift */; };
		23F88F44222080C800A5F5D9 /* DiscoveryService.swift in Sources */ = {isa = PBXBuildFile; fileRef = 23F88F43222080C800A5F5D9 /* DiscoveryService.swift */; };
		23F88F4D2224579900A5F5D9 /* CarrierInfoService.swift in Sources */ = {isa = PBXBuildFile; fileRef = 23F88F4C2224579900A5F5D9 /* CarrierInfoService.swift */; };
		23F88F542224738A00A5F5D9 /* NetworkService.swift in Sources */ = {isa = PBXBuildFile; fileRef = 23F88F532224738A00A5F5D9 /* NetworkService.swift */; };
		23F88F5A22247E2E00A5F5D9 /* Constants.swift in Sources */ = {isa = PBXBuildFile; fileRef = 23F88F5922247E2E00A5F5D9 /* Constants.swift */; };
		23F88F5E2225AD6600A5F5D9 /* Result.swift in Sources */ = {isa = PBXBuildFile; fileRef = 23F88F5D2225AD6500A5F5D9 /* Result.swift */; };
		23F88F602226086600A5F5D9 /* Scope.swift in Sources */ = {isa = PBXBuildFile; fileRef = 23F88F5F2226086600A5F5D9 /* Scope.swift */; };
/* End PBXBuildFile section */

/* Begin PBXFileReference section */
		231FFB9722174DE800E2B1BA /* DictionaryUrlQuery.swift */ = {isa = PBXFileReference; fileEncoding = 4; lastKnownFileType = sourcecode.swift; path = DictionaryUrlQuery.swift; sourceTree = "<group>"; };
		231FFB99221C6DD800E2B1BA /* AuthorizationService.swift */ = {isa = PBXFileReference; lastKnownFileType = sourcecode.swift; path = AuthorizationService.swift; sourceTree = "<group>"; };
		231FFB9B221C6DE500E2B1BA /* SDKConfig.swift */ = {isa = PBXFileReference; lastKnownFileType = sourcecode.swift; path = SDKConfig.swift; sourceTree = "<group>"; };
		233A502E22287DD10089BA0D /* Dependencies.swift */ = {isa = PBXFileReference; lastKnownFileType = sourcecode.swift; path = Dependencies.swift; sourceTree = "<group>"; };
		233A50302228831A0089BA0D /* MockCarrierInfoService.swift */ = {isa = PBXFileReference; lastKnownFileType = sourcecode.swift; path = MockCarrierInfoService.swift; sourceTree = "<group>"; };
		233AF954220A3B080023059C /* CarriersSharedAPI.framework */ = {isa = PBXFileReference; explicitFileType = wrapper.framework; includeInIndex = 0; path = CarriersSharedAPI.framework; sourceTree = BUILT_PRODUCTS_DIR; };
		233AF956220A3B080023059C /* CarriersSharedAPI.h */ = {isa = PBXFileReference; lastKnownFileType = sourcecode.c.h; path = CarriersSharedAPI.h; sourceTree = "<group>"; };
		233AF957220A3B080023059C /* Info.plist */ = {isa = PBXFileReference; lastKnownFileType = text.plist.xml; path = Info.plist; sourceTree = "<group>"; };
		233AF96B220A3B750023059C /* JsonDocument.swift */ = {isa = PBXFileReference; fileEncoding = 4; lastKnownFileType = sourcecode.swift; path = JsonDocument.swift; sourceTree = "<group>"; };
		236AC635222714F100E7C900 /* AuthorizationServiceTests.swift */ = {isa = PBXFileReference; fileEncoding = 4; lastKnownFileType = sourcecode.swift; path = AuthorizationServiceTests.swift; sourceTree = "<group>"; };
		236AC637222720E600E7C900 /* OpenIdService.swift */ = {isa = PBXFileReference; lastKnownFileType = sourcecode.swift; path = OpenIdService.swift; sourceTree = "<group>"; };
		237B7BF422261A4500E29992 /* ScopeTests.swift */ = {isa = PBXFileReference; fileEncoding = 4; lastKnownFileType = sourcecode.swift; path = ScopeTests.swift; sourceTree = "<group>"; };
		2399F3F82227702A007D3613 /* Error.swift */ = {isa = PBXFileReference; lastKnownFileType = sourcecode.swift; path = Error.swift; sourceTree = "<group>"; };
		23B524EC22152129002124D4 /* ProjectVerifyAppDelegate.swift */ = {isa = PBXFileReference; lastKnownFileType = sourcecode.swift; path = ProjectVerifyAppDelegate.swift; sourceTree = "<group>"; };
		23B52505221539E5002124D4 /* CarriersSharedAPITests.swift */ = {isa = PBXFileReference; lastKnownFileType = sourcecode.swift; path = CarriersSharedAPITests.swift; sourceTree = "<group>"; };
		23B52507221539E5002124D4 /* Info.plist */ = {isa = PBXFileReference; lastKnownFileType = text.plist.xml; path = Info.plist; sourceTree = "<group>"; };
		23F88F37221F2B0E00A5F5D9 /* SIMInfo.swift */ = {isa = PBXFileReference; lastKnownFileType = sourcecode.swift; path = SIMInfo.swift; sourceTree = "<group>"; };
		23F88F3B221F31B800A5F5D9 /* Carrier.swift */ = {isa = PBXFileReference; lastKnownFileType = sourcecode.swift; path = Carrier.swift; sourceTree = "<group>"; };
		23F88F3D221F433900A5F5D9 /* MobileNetworkInfoProvider.swift */ = {isa = PBXFileReference; lastKnownFileType = sourcecode.swift; path = MobileNetworkInfoProvider.swift; sourceTree = "<group>"; };
		23F88F412220803500A5F5D9 /* CarrierInfoServiceTests.swift */ = {isa = PBXFileReference; lastKnownFileType = sourcecode.swift; path = CarrierInfoServiceTests.swift; sourceTree = "<group>"; };
		23F88F43222080C800A5F5D9 /* DiscoveryService.swift */ = {isa = PBXFileReference; fileEncoding = 4; lastKnownFileType = sourcecode.swift; path = DiscoveryService.swift; sourceTree = "<group>"; };
		23F88F472220B83700A5F5D9 /* DiscoveryServiceTests.swift */ = {isa = PBXFileReference; lastKnownFileType = sourcecode.swift; path = DiscoveryServiceTests.swift; sourceTree = "<group>"; };
		23F88F4A2220C23600A5F5D9 /* SIMInfoTests.swift */ = {isa = PBXFileReference; lastKnownFileType = sourcecode.swift; path = SIMInfoTests.swift; sourceTree = "<group>"; };
		23F88F4C2224579900A5F5D9 /* CarrierInfoService.swift */ = {isa = PBXFileReference; fileEncoding = 4; lastKnownFileType = sourcecode.swift; path = CarrierInfoService.swift; sourceTree = "<group>"; };
		23F88F5122246EC100A5F5D9 /* DisocoveryConfigMockPayloads.swift */ = {isa = PBXFileReference; lastKnownFileType = sourcecode.swift; path = DisocoveryConfigMockPayloads.swift; sourceTree = "<group>"; };
		23F88F532224738A00A5F5D9 /* NetworkService.swift */ = {isa = PBXFileReference; lastKnownFileType = sourcecode.swift; path = NetworkService.swift; sourceTree = "<group>"; };
		23F88F5522247A3500A5F5D9 /* MockNetworkService.swift */ = {isa = PBXFileReference; lastKnownFileType = sourcecode.swift; path = MockNetworkService.swift; sourceTree = "<group>"; };
		23F88F5722247A4600A5F5D9 /* MockMobileNetworkInfoProvider.swift */ = {isa = PBXFileReference; lastKnownFileType = sourcecode.swift; path = MockMobileNetworkInfoProvider.swift; sourceTree = "<group>"; };
		23F88F5922247E2E00A5F5D9 /* Constants.swift */ = {isa = PBXFileReference; lastKnownFileType = sourcecode.swift; path = Constants.swift; sourceTree = "<group>"; };
		23F88F5D2225AD6500A5F5D9 /* Result.swift */ = {isa = PBXFileReference; fileEncoding = 4; lastKnownFileType = sourcecode.swift; path = Result.swift; sourceTree = "<group>"; };
		23F88F5F2226086600A5F5D9 /* Scope.swift */ = {isa = PBXFileReference; lastKnownFileType = sourcecode.swift; path = Scope.swift; sourceTree = "<group>"; };
/* End PBXFileReference section */

/* Begin PBXFrameworksBuildPhase section */
		233AF951220A3B080023059C /* Frameworks */ = {
			isa = PBXFrameworksBuildPhase;
			buildActionMask = 2147483647;
			files = (
			);
			runOnlyForDeploymentPostprocessing = 0;
		};
/* End PBXFrameworksBuildPhase section */

/* Begin PBXGroup section */
		233AF955220A3B080023059C /* CarriersSharedAPI */ = {
			isa = PBXGroup;
			children = (
				23B5250E22153AAA002124D4 /* Tests */,
				233AF970220A44AD0023059C /* Sources */,
				233AF957220A3B080023059C /* Info.plist */,
			);
			path = CarriersSharedAPI;
			sourceTree = "<group>";
		};
		233AF970220A44AD0023059C /* Sources */ = {
			isa = PBXGroup;
			children = (
				23F88F5D2225AD6500A5F5D9 /* Result.swift */,
				23F88F4C2224579900A5F5D9 /* CarrierInfoService.swift */,
				23F88F43222080C800A5F5D9 /* DiscoveryService.swift */,
				231FFB9722174DE800E2B1BA /* DictionaryUrlQuery.swift */,
				233AF956220A3B080023059C /* CarriersSharedAPI.h */,
				233AF96B220A3B750023059C /* JsonDocument.swift */,
				23B524EC22152129002124D4 /* ProjectVerifyAppDelegate.swift */,
				231FFB99221C6DD800E2B1BA /* AuthorizationService.swift */,
				231FFB9B221C6DE500E2B1BA /* SDKConfig.swift */,
				23F88F37221F2B0E00A5F5D9 /* SIMInfo.swift */,
				23F88F3B221F31B800A5F5D9 /* Carrier.swift */,
				23F88F3D221F433900A5F5D9 /* MobileNetworkInfoProvider.swift */,
				23F88F532224738A00A5F5D9 /* NetworkService.swift */,
				23F88F5F2226086600A5F5D9 /* Scope.swift */,
				236AC637222720E600E7C900 /* OpenIdService.swift */,
				2399F3F82227702A007D3613 /* Error.swift */,
				233A502E22287DD10089BA0D /* Dependencies.swift */,
			);
			path = Sources;
			sourceTree = "<group>";
		};
		23B5250E22153AAA002124D4 /* Tests */ = {
			isa = PBXGroup;
			children = (
				236AC635222714F100E7C900 /* AuthorizationServiceTests.swift */,
				237B7BF422261A4500E29992 /* ScopeTests.swift */,
				23F88F5022246EA500A5F5D9 /* Mocks */,
				23B52505221539E5002124D4 /* CarriersSharedAPITests.swift */,
				23B52507221539E5002124D4 /* Info.plist */,
				23F88F412220803500A5F5D9 /* CarrierInfoServiceTests.swift */,
				23F88F472220B83700A5F5D9 /* DiscoveryServiceTests.swift */,
				23F88F4A2220C23600A5F5D9 /* SIMInfoTests.swift */,
				23F88F5922247E2E00A5F5D9 /* Constants.swift */,
			);
			path = Tests;
			sourceTree = "<group>";
		};
		23F88F5022246EA500A5F5D9 /* Mocks */ = {
			isa = PBXGroup;
			children = (
				23F88F5122246EC100A5F5D9 /* DisocoveryConfigMockPayloads.swift */,
				23F88F5522247A3500A5F5D9 /* MockNetworkService.swift */,
				23F88F5722247A4600A5F5D9 /* MockMobileNetworkInfoProvider.swift */,
				233A50302228831A0089BA0D /* MockCarrierInfoService.swift */,
			);
			path = Mocks;
			sourceTree = "<group>";
		};
		56BCE47A2203755D00196A17 = {
			isa = PBXGroup;
			children = (
				233AF955220A3B080023059C /* CarriersSharedAPI */,
				56BCE4842203755D00196A17 /* Products */,
			);
			sourceTree = "<group>";
		};
		56BCE4842203755D00196A17 /* Products */ = {
			isa = PBXGroup;
			children = (
				233AF954220A3B080023059C /* CarriersSharedAPI.framework */,
			);
			name = Products;
			sourceTree = "<group>";
		};
/* End PBXGroup section */

/* Begin PBXHeadersBuildPhase section */
		233AF94F220A3B080023059C /* Headers */ = {
			isa = PBXHeadersBuildPhase;
			buildActionMask = 2147483647;
			files = (
				233AF964220A3B080023059C /* CarriersSharedAPI.h in Headers */,
			);
			runOnlyForDeploymentPostprocessing = 0;
		};
/* End PBXHeadersBuildPhase section */

/* Begin PBXNativeTarget section */
		233AF953220A3B080023059C /* CarriersSharedAPI */ = {
			isa = PBXNativeTarget;
			buildConfigurationList = 233AF965220A3B080023059C /* Build configuration list for PBXNativeTarget "CarriersSharedAPI" */;
			buildPhases = (
				233AF94F220A3B080023059C /* Headers */,
				233AF950220A3B080023059C /* Sources */,
				233AF951220A3B080023059C /* Frameworks */,
				233AF952220A3B080023059C /* Resources */,
			);
			buildRules = (
			);
			dependencies = (
			);
			name = CarriersSharedAPI;
			productName = CarriersSharedAPI;
			productReference = 233AF954220A3B080023059C /* CarriersSharedAPI.framework */;
			productType = "com.apple.product-type.framework";
		};
/* End PBXNativeTarget section */

/* Begin PBXProject section */
		56BCE47B2203755D00196A17 /* Project object */ = {
			isa = PBXProject;
			attributes = {
				DefaultBuildSystemTypeForWorkspace = Original;
				LastSwiftUpdateCheck = 1010;
				LastUpgradeCheck = 1010;
				ORGANIZATIONNAME = "XCI JV, LLC.";
				TargetAttributes = {
					233AF953220A3B080023059C = {
						CreatedOnToolsVersion = 10.1;
						LastSwiftMigration = 1010;
					};
				};
			};
			buildConfigurationList = 56BCE47E2203755D00196A17 /* Build configuration list for PBXProject "XCI-ProviderSDK-iOS" */;
			compatibilityVersion = "Xcode 9.3";
			developmentRegion = en;
			hasScannedForEncodings = 0;
			knownRegions = (
				en,
				Base,
			);
			mainGroup = 56BCE47A2203755D00196A17;
			productRefGroup = 56BCE4842203755D00196A17 /* Products */;
			projectDirPath = "";
			projectRoot = "";
			targets = (
				233AF953220A3B080023059C /* CarriersSharedAPI */,
			);
		};
/* End PBXProject section */

/* Begin PBXResourcesBuildPhase section */
		233AF952220A3B080023059C /* Resources */ = {
			isa = PBXResourcesBuildPhase;
			buildActionMask = 2147483647;
			files = (
			);
			runOnlyForDeploymentPostprocessing = 0;
		};
/* End PBXResourcesBuildPhase section */

/* Begin PBXSourcesBuildPhase section */
		233AF950220A3B080023059C /* Sources */ = {
			isa = PBXSourcesBuildPhase;
			buildActionMask = 2147483647;
			files = (
				233A502F22287DD10089BA0D /* Dependencies.swift in Sources */,
				23F88F38221F2B0E00A5F5D9 /* SIMInfo.swift in Sources */,
				23F88F5E2225AD6600A5F5D9 /* Result.swift in Sources */,
				23F88F3E221F433900A5F5D9 /* MobileNetworkInfoProvider.swift in Sources */,
				233AF96D220A3B750023059C /* JsonDocument.swift in Sources */,
				23F88F4D2224579900A5F5D9 /* CarrierInfoService.swift in Sources */,
				231FFB9A221C6DD800E2B1BA /* AuthorizationService.swift in Sources */,
				237B7BF522261A4500E29992 /* ScopeTests.swift in Sources */,
				23F88F3C221F31B800A5F5D9 /* Carrier.swift in Sources */,
				23F88F44222080C800A5F5D9 /* DiscoveryService.swift in Sources */,
				23F88F542224738A00A5F5D9 /* NetworkService.swift in Sources */,
				231FFB9C221C6DE500E2B1BA /* SDKConfig.swift in Sources */,
				23B524ED22152129002124D4 /* ProjectVerifyAppDelegate.swift in Sources */,
				231FFB9822174DE800E2B1BA /* DictionaryUrlQuery.swift in Sources */,
				23F88F602226086600A5F5D9 /* Scope.swift in Sources */,
				23F88F5A22247E2E00A5F5D9 /* Constants.swift in Sources */,
				236AC638222720E600E7C900 /* OpenIdService.swift in Sources */,
				2399F3F92227702A007D3613 /* Error.swift in Sources */,
				233A50312228831A0089BA0D /* MockCarrierInfoService.swift in Sources */,
				236AC636222714F200E7C900 /* AuthorizationServiceTests.swift in Sources */,
			);
			runOnlyForDeploymentPostprocessing = 0;
		};
/* End PBXSourcesBuildPhase section */

/* Begin XCBuildConfiguration section */
		233AF966220A3B080023059C /* Debug */ = {
			isa = XCBuildConfiguration;
			buildSettings = {
				CLANG_ENABLE_MODULES = YES;
				CODE_SIGN_IDENTITY = "iPhone Developer";
				CODE_SIGN_STYLE = Manual;
				CURRENT_PROJECT_VERSION = 1;
				DEFINES_MODULE = YES;
				DEVELOPMENT_TEAM = XRTVVR644Y;
				DYLIB_COMPATIBILITY_VERSION = 1;
				DYLIB_CURRENT_VERSION = 1;
				DYLIB_INSTALL_NAME_BASE = "@rpath";
				INFOPLIST_FILE = CarriersSharedAPI/Info.plist;
				INSTALL_PATH = "$(LOCAL_LIBRARY_DIR)/Frameworks";
				IPHONEOS_DEPLOYMENT_TARGET = 10.0;
				LD_RUNPATH_SEARCH_PATHS = (
					"$(inherited)",
					"@executable_path/Frameworks",
					"@loader_path/Frameworks",
				);
				PRODUCT_BUNDLE_IDENTIFIER = com.raizlabs.CarriersSharedAPI;
				PRODUCT_NAME = "$(TARGET_NAME:c99extidentifier)";
				PROVISIONING_PROFILE_SPECIFIER = "";
				SKIP_INSTALL = YES;
				SWIFT_OPTIMIZATION_LEVEL = "-Onone";
				SWIFT_VERSION = 4.2;
				TARGETED_DEVICE_FAMILY = "1,2";
				VERSIONING_SYSTEM = "apple-generic";
				VERSION_INFO_PREFIX = "";
			};
			name = Debug;
		};
		233AF967220A3B080023059C /* Release */ = {
			isa = XCBuildConfiguration;
			buildSettings = {
				CLANG_ENABLE_MODULES = YES;
				CODE_SIGN_IDENTITY = "iPhone Developer";
				CODE_SIGN_STYLE = Manual;
				CURRENT_PROJECT_VERSION = 1;
				DEFINES_MODULE = YES;
				DEVELOPMENT_TEAM = XRTVVR644Y;
				DYLIB_COMPATIBILITY_VERSION = 1;
				DYLIB_CURRENT_VERSION = 1;
				DYLIB_INSTALL_NAME_BASE = "@rpath";
				INFOPLIST_FILE = CarriersSharedAPI/Info.plist;
				INSTALL_PATH = "$(LOCAL_LIBRARY_DIR)/Frameworks";
				IPHONEOS_DEPLOYMENT_TARGET = 10.0;
				LD_RUNPATH_SEARCH_PATHS = (
					"$(inherited)",
					"@executable_path/Frameworks",
					"@loader_path/Frameworks",
				);
				PRODUCT_BUNDLE_IDENTIFIER = com.raizlabs.CarriersSharedAPI;
				PRODUCT_NAME = "$(TARGET_NAME:c99extidentifier)";
				PROVISIONING_PROFILE_SPECIFIER = "";
				SKIP_INSTALL = YES;
				SWIFT_VERSION = 4.2;
				TARGETED_DEVICE_FAMILY = "1,2";
				VERSIONING_SYSTEM = "apple-generic";
				VERSION_INFO_PREFIX = "";
			};
			name = Release;
		};
		56BCE4A92203755E00196A17 /* Debug */ = {
			isa = XCBuildConfiguration;
			buildSettings = {
				ALWAYS_SEARCH_USER_PATHS = NO;
				CLANG_ANALYZER_NONNULL = YES;
				CLANG_ANALYZER_NUMBER_OBJECT_CONVERSION = YES_AGGRESSIVE;
				CLANG_CXX_LANGUAGE_STANDARD = "gnu++14";
				CLANG_CXX_LIBRARY = "libc++";
				CLANG_ENABLE_MODULES = YES;
				CLANG_ENABLE_OBJC_ARC = YES;
				CLANG_ENABLE_OBJC_WEAK = YES;
				CLANG_WARN_BLOCK_CAPTURE_AUTORELEASING = YES;
				CLANG_WARN_BOOL_CONVERSION = YES;
				CLANG_WARN_COMMA = YES;
				CLANG_WARN_CONSTANT_CONVERSION = YES;
				CLANG_WARN_DEPRECATED_OBJC_IMPLEMENTATIONS = YES;
				CLANG_WARN_DIRECT_OBJC_ISA_USAGE = YES_ERROR;
				CLANG_WARN_DOCUMENTATION_COMMENTS = YES;
				CLANG_WARN_EMPTY_BODY = YES;
				CLANG_WARN_ENUM_CONVERSION = YES;
				CLANG_WARN_INFINITE_RECURSION = YES;
				CLANG_WARN_INT_CONVERSION = YES;
				CLANG_WARN_NON_LITERAL_NULL_CONVERSION = YES;
				CLANG_WARN_OBJC_IMPLICIT_RETAIN_SELF = YES;
				CLANG_WARN_OBJC_LITERAL_CONVERSION = YES;
				CLANG_WARN_OBJC_ROOT_CLASS = YES_ERROR;
				CLANG_WARN_RANGE_LOOP_ANALYSIS = YES;
				CLANG_WARN_STRICT_PROTOTYPES = YES;
				CLANG_WARN_SUSPICIOUS_MOVE = YES;
				CLANG_WARN_UNGUARDED_AVAILABILITY = YES_AGGRESSIVE;
				CLANG_WARN_UNREACHABLE_CODE = YES;
				CLANG_WARN__DUPLICATE_METHOD_MATCH = YES;
				CODE_SIGN_IDENTITY = "iPhone Developer";
				COPY_PHASE_STRIP = NO;
				DEBUG_INFORMATION_FORMAT = dwarf;
				ENABLE_STRICT_OBJC_MSGSEND = YES;
				ENABLE_TESTABILITY = YES;
				GCC_C_LANGUAGE_STANDARD = gnu11;
				GCC_DYNAMIC_NO_PIC = NO;
				GCC_NO_COMMON_BLOCKS = YES;
				GCC_OPTIMIZATION_LEVEL = 0;
				GCC_PREPROCESSOR_DEFINITIONS = (
					"DEBUG=1",
					"$(inherited)",
				);
				GCC_WARN_64_TO_32_BIT_CONVERSION = YES;
				GCC_WARN_ABOUT_RETURN_TYPE = YES_ERROR;
				GCC_WARN_UNDECLARED_SELECTOR = YES;
				GCC_WARN_UNINITIALIZED_AUTOS = YES_AGGRESSIVE;
				GCC_WARN_UNUSED_FUNCTION = YES;
				GCC_WARN_UNUSED_VARIABLE = YES;
				IPHONEOS_DEPLOYMENT_TARGET = 10.0;
				MTL_ENABLE_DEBUG_INFO = INCLUDE_SOURCE;
				MTL_FAST_MATH = YES;
				ONLY_ACTIVE_ARCH = YES;
				SDKROOT = iphoneos;
				SWIFT_ACTIVE_COMPILATION_CONDITIONS = DEBUG;
				SWIFT_OPTIMIZATION_LEVEL = "-Onone";
			};
			name = Debug;
		};
		56BCE4AA2203755E00196A17 /* Release */ = {
			isa = XCBuildConfiguration;
			buildSettings = {
				ALWAYS_SEARCH_USER_PATHS = NO;
				CLANG_ANALYZER_NONNULL = YES;
				CLANG_ANALYZER_NUMBER_OBJECT_CONVERSION = YES_AGGRESSIVE;
				CLANG_CXX_LANGUAGE_STANDARD = "gnu++14";
				CLANG_CXX_LIBRARY = "libc++";
				CLANG_ENABLE_MODULES = YES;
				CLANG_ENABLE_OBJC_ARC = YES;
				CLANG_ENABLE_OBJC_WEAK = YES;
				CLANG_WARN_BLOCK_CAPTURE_AUTORELEASING = YES;
				CLANG_WARN_BOOL_CONVERSION = YES;
				CLANG_WARN_COMMA = YES;
				CLANG_WARN_CONSTANT_CONVERSION = YES;
				CLANG_WARN_DEPRECATED_OBJC_IMPLEMENTATIONS = YES;
				CLANG_WARN_DIRECT_OBJC_ISA_USAGE = YES_ERROR;
				CLANG_WARN_DOCUMENTATION_COMMENTS = YES;
				CLANG_WARN_EMPTY_BODY = YES;
				CLANG_WARN_ENUM_CONVERSION = YES;
				CLANG_WARN_INFINITE_RECURSION = YES;
				CLANG_WARN_INT_CONVERSION = YES;
				CLANG_WARN_NON_LITERAL_NULL_CONVERSION = YES;
				CLANG_WARN_OBJC_IMPLICIT_RETAIN_SELF = YES;
				CLANG_WARN_OBJC_LITERAL_CONVERSION = YES;
				CLANG_WARN_OBJC_ROOT_CLASS = YES_ERROR;
				CLANG_WARN_RANGE_LOOP_ANALYSIS = YES;
				CLANG_WARN_STRICT_PROTOTYPES = YES;
				CLANG_WARN_SUSPICIOUS_MOVE = YES;
				CLANG_WARN_UNGUARDED_AVAILABILITY = YES_AGGRESSIVE;
				CLANG_WARN_UNREACHABLE_CODE = YES;
				CLANG_WARN__DUPLICATE_METHOD_MATCH = YES;
				CODE_SIGN_IDENTITY = "iPhone Developer";
				COPY_PHASE_STRIP = NO;
				DEBUG_INFORMATION_FORMAT = "dwarf-with-dsym";
				ENABLE_NS_ASSERTIONS = NO;
				ENABLE_STRICT_OBJC_MSGSEND = YES;
				GCC_C_LANGUAGE_STANDARD = gnu11;
				GCC_NO_COMMON_BLOCKS = YES;
				GCC_WARN_64_TO_32_BIT_CONVERSION = YES;
				GCC_WARN_ABOUT_RETURN_TYPE = YES_ERROR;
				GCC_WARN_UNDECLARED_SELECTOR = YES;
				GCC_WARN_UNINITIALIZED_AUTOS = YES_AGGRESSIVE;
				GCC_WARN_UNUSED_FUNCTION = YES;
				GCC_WARN_UNUSED_VARIABLE = YES;
				IPHONEOS_DEPLOYMENT_TARGET = 10.0;
				MTL_ENABLE_DEBUG_INFO = NO;
				MTL_FAST_MATH = YES;
				SDKROOT = iphoneos;
				SWIFT_COMPILATION_MODE = wholemodule;
				SWIFT_OPTIMIZATION_LEVEL = "-O";
				VALIDATE_PRODUCT = YES;
			};
			name = Release;
		};
/* End XCBuildConfiguration section */

/* Begin XCConfigurationList section */
		233AF965220A3B080023059C /* Build configuration list for PBXNativeTarget "CarriersSharedAPI" */ = {
			isa = XCConfigurationList;
			buildConfigurations = (
				233AF966220A3B080023059C /* Debug */,
				233AF967220A3B080023059C /* Release */,
			);
			defaultConfigurationIsVisible = 0;
			defaultConfigurationName = Release;
		};
		56BCE47E2203755D00196A17 /* Build configuration list for PBXProject "XCI-ProviderSDK-iOS" */ = {
			isa = XCConfigurationList;
			buildConfigurations = (
				56BCE4A92203755E00196A17 /* Debug */,
				56BCE4AA2203755E00196A17 /* Release */,
			);
			defaultConfigurationIsVisible = 0;
			defaultConfigurationName = Release;
		};
/* End XCConfigurationList section */
	};
	rootObject = 56BCE47B2203755D00196A17 /* Project object */;
}
