// !$*UTF8*$!
{
	archiveVersion = 1;
	classes = {
	};
	objectVersion = 50;
	objects = {

/* Begin PBXBuildFile section */
		23196D9322309173005393AB /* OpenIdURLResolverIOS.swift in Sources */ = {isa = PBXBuildFile; fileRef = 23196D9222309173005393AB /* OpenIdURLResolverIOS.swift */; };
		231FFB9A221C6DD800E2B1BA /* AuthorizationService.swift in Sources */ = {isa = PBXBuildFile; fileRef = 231FFB99221C6DD800E2B1BA /* AuthorizationService.swift */; };
		231FFB9C221C6DE500E2B1BA /* SDKConfig.swift in Sources */ = {isa = PBXBuildFile; fileRef = 231FFB9B221C6DE500E2B1BA /* SDKConfig.swift */; };
		233A502F22287DD10089BA0D /* Dependencies.swift in Sources */ = {isa = PBXBuildFile; fileRef = 233A502E22287DD10089BA0D /* Dependencies.swift */; };
		233AF964220A3B080023059C /* CarriersSharedAPI.h in Headers */ = {isa = PBXBuildFile; fileRef = 233AF956220A3B080023059C /* CarriersSharedAPI.h */; settings = {ATTRIBUTES = (Public, ); }; };
		2365C04D2236D31F00E0ED4A /* ErrorCodes.swift in Sources */ = {isa = PBXBuildFile; fileRef = 2365C04C2236D31F00E0ED4A /* ErrorCodes.swift */; };
		236AC638222720E600E7C900 /* OpenIdService.swift in Sources */ = {isa = PBXBuildFile; fileRef = 236AC637222720E600E7C900 /* OpenIdService.swift */; };
		2399F3F92227702A007D3613 /* AuthorizationError.swift in Sources */ = {isa = PBXBuildFile; fileRef = 2399F3F82227702A007D3613 /* AuthorizationError.swift */; };
		23B524ED22152129002124D4 /* ProjectVerifyAppDelegate.swift in Sources */ = {isa = PBXBuildFile; fileRef = 23B524EC22152129002124D4 /* ProjectVerifyAppDelegate.swift */; };
		23F88F38221F2B0E00A5F5D9 /* SIMInfo.swift in Sources */ = {isa = PBXBuildFile; fileRef = 23F88F37221F2B0E00A5F5D9 /* SIMInfo.swift */; };
		23F88F3C221F31B800A5F5D9 /* Carrier.swift in Sources */ = {isa = PBXBuildFile; fileRef = 23F88F3B221F31B800A5F5D9 /* Carrier.swift */; };
		23F88F3E221F433900A5F5D9 /* MobileNetworkInfoProvider.swift in Sources */ = {isa = PBXBuildFile; fileRef = 23F88F3D221F433900A5F5D9 /* MobileNetworkInfoProvider.swift */; };
		23F88F44222080C800A5F5D9 /* DiscoveryService.swift in Sources */ = {isa = PBXBuildFile; fileRef = 23F88F43222080C800A5F5D9 /* DiscoveryService.swift */; };
		23F88F4D2224579900A5F5D9 /* CarrierInfoService.swift in Sources */ = {isa = PBXBuildFile; fileRef = 23F88F4C2224579900A5F5D9 /* CarrierInfoService.swift */; };
		23F88F542224738A00A5F5D9 /* NetworkService.swift in Sources */ = {isa = PBXBuildFile; fileRef = 23F88F532224738A00A5F5D9 /* NetworkService.swift */; };
		23F88F5E2225AD6600A5F5D9 /* Result.swift in Sources */ = {isa = PBXBuildFile; fileRef = 23F88F5D2225AD6500A5F5D9 /* Result.swift */; };
		23F88F602226086600A5F5D9 /* Scope.swift in Sources */ = {isa = PBXBuildFile; fileRef = 23F88F5F2226086600A5F5D9 /* Scope.swift */; };
		8A06286B22F38AD6005DB6A8 /* AuthorizationRequestContext.swift in Sources */ = {isa = PBXBuildFile; fileRef = 8A06286A22F38AD6005DB6A8 /* AuthorizationRequestContext.swift */; };
		8A0992F622F2055B0047D150 /* DeviceInfo.swift in Sources */ = {isa = PBXBuildFile; fileRef = 8A0992F522F2055B0047D150 /* DeviceInfo.swift */; };
		8A0992F922F234770047D150 /* AuthorizationRequestTests.swift in Sources */ = {isa = PBXBuildFile; fileRef = 8A0992F722F2316D0047D150 /* AuthorizationRequestTests.swift */; };
		8A0992FA22F250790047D150 /* MockResponseQueue.swift in Sources */ = {isa = PBXBuildFile; fileRef = 8A74103222A9B9D800788E7B /* MockResponseQueue.swift */; };
		8A0C84CC22DE541700D3FD20 /* MockURLResolver.swift in Sources */ = {isa = PBXBuildFile; fileRef = 8A0C84BE22DE53EC00D3FD20 /* MockURLResolver.swift */; };
		8A378ED6227D0FBC00B63612 /* AuthorizationServiceIOS.swift in Sources */ = {isa = PBXBuildFile; fileRef = 8A378ED5227D0FBC00B63612 /* AuthorizationServiceIOS.swift */; };
		8A37A010226142CC001FE65D /* CurrentControllerContextProvider.swift in Sources */ = {isa = PBXBuildFile; fileRef = 8A37A00F226142CC001FE65D /* CurrentControllerContextProvider.swift */; };
		8A37A013226659A5001FE65D /* ProjectVerifyNetworkConfig.swift in Sources */ = {isa = PBXBuildFile; fileRef = 8A37A012226659A5001FE65D /* ProjectVerifyNetworkConfig.swift */; };
		8A37A022226659B3001FE65D /* MobileNetworkSelectionService.swift in Sources */ = {isa = PBXBuildFile; fileRef = 8A37A021226659B3001FE65D /* MobileNetworkSelectionService.swift */; };
		8A3FAB1C224055DD00767A03 /* ConfigCacheService.swift in Sources */ = {isa = PBXBuildFile; fileRef = 8A3FAB1B224055DD00767A03 /* ConfigCacheService.swift */; };
		8A42008B230C65E7004AB908 /* CurrentSIMBrandingProviderTests.swift in Sources */ = {isa = PBXBuildFile; fileRef = 8A420089230C64FF004AB908 /* CurrentSIMBrandingProviderTests.swift */; };
		8A42700E22B153FE0046C69E /* AuthorizationServiceTests+DiscoveryServiceInterface.swift in Sources */ = {isa = PBXBuildFile; fileRef = 8A42700022B153D10046C69E /* AuthorizationServiceTests+DiscoveryServiceInterface.swift */; };
		8A42701122B16E810046C69E /* AuthorizationServiceTests+UserNotFoundError.swift in Sources */ = {isa = PBXBuildFile; fileRef = 8A42700F22B16E600046C69E /* AuthorizationServiceTests+UserNotFoundError.swift */; };
		8A48895122555345006337EC /* ProjectVerifyAuthorizeButton.swift in Sources */ = {isa = PBXBuildFile; fileRef = 8A48895022555345006337EC /* ProjectVerifyAuthorizeButton.swift */; };
		8A5C3F8B225E84280013DEC3 /* ProjectVerifyBrandedButton+Branding.swift in Sources */ = {isa = PBXBuildFile; fileRef = 8A5C3F8A225E84280013DEC3 /* ProjectVerifyBrandedButton+Branding.swift */; };
		8A5C3F9A225E93EE0013DEC3 /* ImageUtils.swift in Sources */ = {isa = PBXBuildFile; fileRef = 8A5C3F99225E93EE0013DEC3 /* ImageUtils.swift */; };
		8A5C3F9C225E9B190013DEC3 /* ProjectVerifyBrandedButton.swift in Sources */ = {isa = PBXBuildFile; fileRef = 8A5C3F9B225E9B190013DEC3 /* ProjectVerifyBrandedButton.swift */; };
		8A6C135C228203E700F42E3A /* MobileNetworkSelectionUI.swift in Sources */ = {isa = PBXBuildFile; fileRef = 8A6C135B228203E700F42E3A /* MobileNetworkSelectionUI.swift */; };
		8A6C135E22820C1F00F42E3A /* Branding.swift in Sources */ = {isa = PBXBuildFile; fileRef = 8A6C135D22820C1F00F42E3A /* Branding.swift */; };
		8A6C136022820CDC00F42E3A /* CurrentSIMBrandingProvider.swift in Sources */ = {isa = PBXBuildFile; fileRef = 8A6C135F22820CDC00F42E3A /* CurrentSIMBrandingProvider.swift */; };
		8A6C138B2282531300F42E3A /* MobileNetworkSelectionService.swift in Sources */ = {isa = PBXBuildFile; fileRef = 8A37A021226659B3001FE65D /* MobileNetworkSelectionService.swift */; };
		8A6C138D2282531300F42E3A /* CarriersSharedAPI.h in Headers */ = {isa = PBXBuildFile; fileRef = 233AF956220A3B080023059C /* CarriersSharedAPI.h */; };
		8A6C138E2282531300F42E3A /* SIMInfo.swift in Sources */ = {isa = PBXBuildFile; fileRef = 23F88F37221F2B0E00A5F5D9 /* SIMInfo.swift */; };
		8A6C138F2282531300F42E3A /* AuthorizationService.swift in Sources */ = {isa = PBXBuildFile; fileRef = 231FFB99221C6DD800E2B1BA /* AuthorizationService.swift */; };
		8A6C13902282531300F42E3A /* AuthorizationError.swift in Sources */ = {isa = PBXBuildFile; fileRef = 2399F3F82227702A007D3613 /* AuthorizationError.swift */; };
		8A6C13912282531300F42E3A /* Dependencies.swift in Sources */ = {isa = PBXBuildFile; fileRef = 233A502E22287DD10089BA0D /* Dependencies.swift */; };
		8A6C13922282531300F42E3A /* ProjectVerifyNetworkConfig.swift in Sources */ = {isa = PBXBuildFile; fileRef = 8A37A012226659A5001FE65D /* ProjectVerifyNetworkConfig.swift */; };
		8A6C13932282531300F42E3A /* ProjectVerifyAppDelegate.swift in Sources */ = {isa = PBXBuildFile; fileRef = 23B524EC22152129002124D4 /* ProjectVerifyAppDelegate.swift */; };
		8A6C13942282531300F42E3A /* SDKConfig.swift in Sources */ = {isa = PBXBuildFile; fileRef = 231FFB9B221C6DE500E2B1BA /* SDKConfig.swift */; };
		8A6C13952282531300F42E3A /* Scope.swift in Sources */ = {isa = PBXBuildFile; fileRef = 23F88F5F2226086600A5F5D9 /* Scope.swift */; };
		8A6C13972282531300F42E3A /* Result.swift in Sources */ = {isa = PBXBuildFile; fileRef = 23F88F5D2225AD6500A5F5D9 /* Result.swift */; };
		8A6C13982282531300F42E3A /* URLHandling.swift in Sources */ = {isa = PBXBuildFile; fileRef = 8ABF7547226A0BD900A81F50 /* URLHandling.swift */; };
		8A6C13992282531300F42E3A /* ResponseURL.swift in Sources */ = {isa = PBXBuildFile; fileRef = 8ABF75452268FF9200A81F50 /* ResponseURL.swift */; };
		8A6C139A2282531300F42E3A /* CurrentControllerContextProvider.swift in Sources */ = {isa = PBXBuildFile; fileRef = 8A37A00F226142CC001FE65D /* CurrentControllerContextProvider.swift */; };
		8A6C139B2282531300F42E3A /* ImageUtils.swift in Sources */ = {isa = PBXBuildFile; fileRef = 8A5C3F99225E93EE0013DEC3 /* ImageUtils.swift */; };
		8A6C139C2282531300F42E3A /* LocalizationUtils.swift in Sources */ = {isa = PBXBuildFile; fileRef = 8A80823E2257CDF100FCF691 /* LocalizationUtils.swift */; };
		8A6C139D2282531300F42E3A /* OpenIdConfig.swift in Sources */ = {isa = PBXBuildFile; fileRef = 8AD167BB224EB8D3005C1CA3 /* OpenIdConfig.swift */; };
		8A6C139E2282531300F42E3A /* ConfigCacheService.swift in Sources */ = {isa = PBXBuildFile; fileRef = 8A3FAB1B224055DD00767A03 /* ConfigCacheService.swift */; };
		8A6C139F2282531300F42E3A /* ErrorCodes.swift in Sources */ = {isa = PBXBuildFile; fileRef = 2365C04C2236D31F00E0ED4A /* ErrorCodes.swift */; };
		8A6C13A02282531300F42E3A /* NetworkService.swift in Sources */ = {isa = PBXBuildFile; fileRef = 23F88F532224738A00A5F5D9 /* NetworkService.swift */; };
		8A6C13A12282531300F42E3A /* DiscoveryService.swift in Sources */ = {isa = PBXBuildFile; fileRef = 23F88F43222080C800A5F5D9 /* DiscoveryService.swift */; };
		8A6C13A22282531300F42E3A /* OpenIdService.swift in Sources */ = {isa = PBXBuildFile; fileRef = 236AC637222720E600E7C900 /* OpenIdService.swift */; };
		8A6C13A32282531300F42E3A /* Carrier.swift in Sources */ = {isa = PBXBuildFile; fileRef = 23F88F3B221F31B800A5F5D9 /* Carrier.swift */; };
		8A6C13A42282531300F42E3A /* OpenIdURLResolver.swift in Sources */ = {isa = PBXBuildFile; fileRef = 8A8FAC902282017A003278C6 /* OpenIdURLResolver.swift */; };
		8A6C13A52282531300F42E3A /* MobileNetworkSelectionUI.swift in Sources */ = {isa = PBXBuildFile; fileRef = 8A6C135B228203E700F42E3A /* MobileNetworkSelectionUI.swift */; };
		8A6C13A62282531300F42E3A /* ProjectVerifyBrandedButton.swift in Sources */ = {isa = PBXBuildFile; fileRef = 8A5C3F9B225E9B190013DEC3 /* ProjectVerifyBrandedButton.swift */; };
		8A6C13A72282531300F42E3A /* ProjectVerifyBrandedButton+Branding.swift in Sources */ = {isa = PBXBuildFile; fileRef = 8A5C3F8A225E84280013DEC3 /* ProjectVerifyBrandedButton+Branding.swift */; };
		8A6C13A82282531300F42E3A /* ProjectVerifyAuthorizeButton.swift in Sources */ = {isa = PBXBuildFile; fileRef = 8A48895022555345006337EC /* ProjectVerifyAuthorizeButton.swift */; };
		8A6C13A92282531300F42E3A /* Branding.swift in Sources */ = {isa = PBXBuildFile; fileRef = 8A6C135D22820C1F00F42E3A /* Branding.swift */; };
		8A6FCE4B22A1741D0012DC1C /* RandomStringGenerator.swift in Sources */ = {isa = PBXBuildFile; fileRef = 8A6FCE4A22A1741D0012DC1C /* RandomStringGenerator.swift */; };
		8A74104222A9C89E00788E7B /* AuthorizationServiceTests+MobileNetworkSelectionInterface.swift in Sources */ = {isa = PBXBuildFile; fileRef = 8A74104022A9C89B00788E7B /* AuthorizationServiceTests+MobileNetworkSelectionInterface.swift */; };
		8A80823B2257C8F700FCF691 /* ProjectVerify.xcassets in Resources */ = {isa = PBXBuildFile; fileRef = 8A80823A2257C8F700FCF691 /* ProjectVerify.xcassets */; };
		8A80823D2257CBBF00FCF691 /* Localizable.strings in Resources */ = {isa = PBXBuildFile; fileRef = 8A80823C2257CBBF00FCF691 /* Localizable.strings */; };
		8A80823F2257CDF100FCF691 /* LocalizationUtils.swift in Sources */ = {isa = PBXBuildFile; fileRef = 8A80823E2257CDF100FCF691 /* LocalizationUtils.swift */; };
		8A8FAC912282017A003278C6 /* OpenIdURLResolver.swift in Sources */ = {isa = PBXBuildFile; fileRef = 8A8FAC902282017A003278C6 /* OpenIdURLResolver.swift */; };
		8AB309EA228614AA003E08D8 /* CarriersSharedAPI.framework in Frameworks */ = {isa = PBXBuildFile; fileRef = 233AF954220A3B080023059C /* CarriersSharedAPI.framework */; };
		8AB309FC228614DE003E08D8 /* AuthorizationServiceTests.swift in Sources */ = {isa = PBXBuildFile; fileRef = 236AC635222714F100E7C900 /* AuthorizationServiceTests.swift */; };
		8AB309FD228614DE003E08D8 /* ScopeTests.swift in Sources */ = {isa = PBXBuildFile; fileRef = 237B7BF422261A4500E29992 /* ScopeTests.swift */; };
		8AB309FE228614DE003E08D8 /* CarriersSharedAPITests.swift in Sources */ = {isa = PBXBuildFile; fileRef = 23B52505221539E5002124D4 /* CarriersSharedAPITests.swift */; };
		8AB30A00228614DE003E08D8 /* CarrierInfoServiceTests.swift in Sources */ = {isa = PBXBuildFile; fileRef = 23F88F412220803500A5F5D9 /* CarrierInfoServiceTests.swift */; };
		8AB30A01228614DE003E08D8 /* DiscoveryServiceTests.swift in Sources */ = {isa = PBXBuildFile; fileRef = 23F88F472220B83700A5F5D9 /* DiscoveryServiceTests.swift */; };
		8AB30A03228614DE003E08D8 /* Constants.swift in Sources */ = {isa = PBXBuildFile; fileRef = 23F88F5922247E2E00A5F5D9 /* Constants.swift */; };
		8AB30A04228614DE003E08D8 /* OpenIdServiceTests.swift in Sources */ = {isa = PBXBuildFile; fileRef = 23196D9022306E29005393AB /* OpenIdServiceTests.swift */; };
		8AB30A05228614DE003E08D8 /* SDKConfigTests.swift in Sources */ = {isa = PBXBuildFile; fileRef = 2340CAAB2231D253009556FE /* SDKConfigTests.swift */; };
		8AB30A06228614DE003E08D8 /* ConfigCacheServiceTests.swift in Sources */ = {isa = PBXBuildFile; fileRef = 8A7ACDBC22444AB90015D031 /* ConfigCacheServiceTests.swift */; };
		8AB30A07228614DE003E08D8 /* ProjectVerifyAuthorizeButtonTests.swift in Sources */ = {isa = PBXBuildFile; fileRef = 8A37A00022611061001FE65D /* ProjectVerifyAuthorizeButtonTests.swift */; };
		8AB30A08228614DE003E08D8 /* MobileNetworkSelectionServiceTests.swift in Sources */ = {isa = PBXBuildFile; fileRef = 8ABF7549226A1C9F00A81F50 /* MobileNetworkSelectionServiceTests.swift */; };
		8AB30A09228614DE003E08D8 /* AuthorizationErrorParsing.swift in Sources */ = {isa = PBXBuildFile; fileRef = 8AC7CF732284D731002A79CB /* AuthorizationErrorParsing.swift */; };
		8AB30A0A228614E2003E08D8 /* DisocoveryConfigMockPayloads.swift in Sources */ = {isa = PBXBuildFile; fileRef = 23F88F5122246EC100A5F5D9 /* DisocoveryConfigMockPayloads.swift */; };
		8AB30A0B228614E2003E08D8 /* MockNetworkService.swift in Sources */ = {isa = PBXBuildFile; fileRef = 23F88F5522247A3500A5F5D9 /* MockNetworkService.swift */; };
		8AB30A0C228614E2003E08D8 /* MockMobileNetworkInfoProvider.swift in Sources */ = {isa = PBXBuildFile; fileRef = 23F88F5722247A4600A5F5D9 /* MockMobileNetworkInfoProvider.swift */; };
		8AB30A0D228614E2003E08D8 /* MockCarrierInfoService.swift in Sources */ = {isa = PBXBuildFile; fileRef = 233A50302228831A0089BA0D /* MockCarrierInfoService.swift */; };
		8AB8A96122A05D0300E8AEB3 /* ACRValue.swift in Sources */ = {isa = PBXBuildFile; fileRef = 8AB8A96022A05D0300E8AEB3 /* ACRValue.swift */; };
		8AB8A96322A05D2100E8AEB3 /* PromptValue.swift in Sources */ = {isa = PBXBuildFile; fileRef = 8AB8A96222A05D2000E8AEB3 /* PromptValue.swift */; };
		8AB8A96A22A06F2400E8AEB3 /* MockNetworkSelectionService.swift in Sources */ = {isa = PBXBuildFile; fileRef = 8AB8A96622A06EA800E8AEB3 /* MockNetworkSelectionService.swift */; };
		8AB8A97022A06F2B00E8AEB3 /* MockViewControllers.swift in Sources */ = {isa = PBXBuildFile; fileRef = 8A38A918228DD40900B5A159 /* MockViewControllers.swift */; };
		8AB8A97122A06F2B00E8AEB3 /* MockOpenIdService.swift in Sources */ = {isa = PBXBuildFile; fileRef = 8AB8A96422A06E8500E8AEB3 /* MockOpenIdService.swift */; };
		8AB8A97222A06F2B00E8AEB3 /* MockDiscoveryService.swift in Sources */ = {isa = PBXBuildFile; fileRef = 8AB8A96822A06ED900E8AEB3 /* MockDiscoveryService.swift */; };
		8ABF75462268FF9200A81F50 /* ResponseURL.swift in Sources */ = {isa = PBXBuildFile; fileRef = 8ABF75452268FF9200A81F50 /* ResponseURL.swift */; };
		8ABF7548226A0BD900A81F50 /* URLHandling.swift in Sources */ = {isa = PBXBuildFile; fileRef = 8ABF7547226A0BD900A81F50 /* URLHandling.swift */; };
		8AC7FF3B22C135940001066E /* AuthorizationServiceCurrentRequestStorage.swift in Sources */ = {isa = PBXBuildFile; fileRef = 8AC7FF3A22C135940001066E /* AuthorizationServiceCurrentRequestStorage.swift */; };
		8AD167BC224EB8D3005C1CA3 /* OpenIdConfig.swift in Sources */ = {isa = PBXBuildFile; fileRef = 8AD167BB224EB8D3005C1CA3 /* OpenIdConfig.swift */; };
		8AD71CEE22E8CA7300632EE6 /* Log.swift in Sources */ = {isa = PBXBuildFile; fileRef = 8AD71CED22E8CA7300632EE6 /* Log.swift */; };
		8AD71CFC22EA2DC100632EE6 /* Dictionary+Helpers.swift in Sources */ = {isa = PBXBuildFile; fileRef = 8AD71CFB22EA2DC000632EE6 /* Dictionary+Helpers.swift */; };
		8AD71D1122EBA79000632EE6 /* OpenIdAuthorizationRequest.swift in Sources */ = {isa = PBXBuildFile; fileRef = 8AD71D1022EBA79000632EE6 /* OpenIdAuthorizationRequest.swift */; };
		8AE6C24922D39F8B0071C5E5 /* String+Utilities.swift in Sources */ = {isa = PBXBuildFile; fileRef = 8AE6C24822D39F8B0071C5E5 /* String+Utilities.swift */; };
		8AEA8B6022AABE1D0099B226 /* AuthorizationServiceStateMachine.swift in Sources */ = {isa = PBXBuildFile; fileRef = 8AEA8B5F22AABE1D0099B226 /* AuthorizationServiceStateMachine.swift */; };
		8AEFF02C22736011001CF41D /* WebBrowserUI.swift in Sources */ = {isa = PBXBuildFile; fileRef = 8AEFF02B22736011001CF41D /* WebBrowserUI.swift */; };
/* End PBXBuildFile section */

/* Begin PBXContainerItemProxy section */
		8AB309EB228614AA003E08D8 /* PBXContainerItemProxy */ = {
			isa = PBXContainerItemProxy;
			containerPortal = 56BCE47B2203755D00196A17 /* Project object */;
			proxyType = 1;
			remoteGlobalIDString = 233AF953220A3B080023059C;
			remoteInfo = CarriersSharedAPI;
		};
/* End PBXContainerItemProxy section */

/* Begin PBXFileReference section */
		23196D9022306E29005393AB /* OpenIdServiceTests.swift */ = {isa = PBXFileReference; lastKnownFileType = sourcecode.swift; path = OpenIdServiceTests.swift; sourceTree = "<group>"; };
		23196D9222309173005393AB /* OpenIdURLResolverIOS.swift */ = {isa = PBXFileReference; lastKnownFileType = sourcecode.swift; path = OpenIdURLResolverIOS.swift; sourceTree = "<group>"; };
		231FFB99221C6DD800E2B1BA /* AuthorizationService.swift */ = {isa = PBXFileReference; lastKnownFileType = sourcecode.swift; path = AuthorizationService.swift; sourceTree = "<group>"; };
		231FFB9B221C6DE500E2B1BA /* SDKConfig.swift */ = {isa = PBXFileReference; lastKnownFileType = sourcecode.swift; path = SDKConfig.swift; sourceTree = "<group>"; };
		233A502E22287DD10089BA0D /* Dependencies.swift */ = {isa = PBXFileReference; lastKnownFileType = sourcecode.swift; path = Dependencies.swift; sourceTree = "<group>"; };
		233A50302228831A0089BA0D /* MockCarrierInfoService.swift */ = {isa = PBXFileReference; lastKnownFileType = sourcecode.swift; path = MockCarrierInfoService.swift; sourceTree = "<group>"; };
		233AF954220A3B080023059C /* CarriersSharedAPI.framework */ = {isa = PBXFileReference; explicitFileType = wrapper.framework; includeInIndex = 0; path = CarriersSharedAPI.framework; sourceTree = BUILT_PRODUCTS_DIR; };
		233AF956220A3B080023059C /* CarriersSharedAPI.h */ = {isa = PBXFileReference; lastKnownFileType = sourcecode.c.h; path = CarriersSharedAPI.h; sourceTree = "<group>"; };
		233AF957220A3B080023059C /* Info.plist */ = {isa = PBXFileReference; lastKnownFileType = text.plist.xml; path = Info.plist; sourceTree = "<group>"; };
		2340CAAB2231D253009556FE /* SDKConfigTests.swift */ = {isa = PBXFileReference; lastKnownFileType = sourcecode.swift; path = SDKConfigTests.swift; sourceTree = "<group>"; };
		2365C04C2236D31F00E0ED4A /* ErrorCodes.swift */ = {isa = PBXFileReference; lastKnownFileType = sourcecode.swift; path = ErrorCodes.swift; sourceTree = "<group>"; };
		236AC635222714F100E7C900 /* AuthorizationServiceTests.swift */ = {isa = PBXFileReference; fileEncoding = 4; lastKnownFileType = sourcecode.swift; path = AuthorizationServiceTests.swift; sourceTree = "<group>"; };
		236AC637222720E600E7C900 /* OpenIdService.swift */ = {isa = PBXFileReference; lastKnownFileType = sourcecode.swift; path = OpenIdService.swift; sourceTree = "<group>"; };
		237B7BF422261A4500E29992 /* ScopeTests.swift */ = {isa = PBXFileReference; fileEncoding = 4; lastKnownFileType = sourcecode.swift; path = ScopeTests.swift; sourceTree = "<group>"; };
		2399F3F82227702A007D3613 /* AuthorizationError.swift */ = {isa = PBXFileReference; lastKnownFileType = sourcecode.swift; path = AuthorizationError.swift; sourceTree = "<group>"; };
		23B524EC22152129002124D4 /* ProjectVerifyAppDelegate.swift */ = {isa = PBXFileReference; lastKnownFileType = sourcecode.swift; path = ProjectVerifyAppDelegate.swift; sourceTree = "<group>"; };
		23B52505221539E5002124D4 /* CarriersSharedAPITests.swift */ = {isa = PBXFileReference; lastKnownFileType = sourcecode.swift; path = CarriersSharedAPITests.swift; sourceTree = "<group>"; };
		23B52507221539E5002124D4 /* Info.plist */ = {isa = PBXFileReference; lastKnownFileType = text.plist.xml; path = Info.plist; sourceTree = "<group>"; };
		23F88F37221F2B0E00A5F5D9 /* SIMInfo.swift */ = {isa = PBXFileReference; lastKnownFileType = sourcecode.swift; path = SIMInfo.swift; sourceTree = "<group>"; };
		23F88F3B221F31B800A5F5D9 /* Carrier.swift */ = {isa = PBXFileReference; lastKnownFileType = sourcecode.swift; path = Carrier.swift; sourceTree = "<group>"; };
		23F88F3D221F433900A5F5D9 /* MobileNetworkInfoProvider.swift */ = {isa = PBXFileReference; lastKnownFileType = sourcecode.swift; path = MobileNetworkInfoProvider.swift; sourceTree = "<group>"; };
		23F88F412220803500A5F5D9 /* CarrierInfoServiceTests.swift */ = {isa = PBXFileReference; lastKnownFileType = sourcecode.swift; path = CarrierInfoServiceTests.swift; sourceTree = "<group>"; };
		23F88F43222080C800A5F5D9 /* DiscoveryService.swift */ = {isa = PBXFileReference; fileEncoding = 4; lastKnownFileType = sourcecode.swift; path = DiscoveryService.swift; sourceTree = "<group>"; };
		23F88F472220B83700A5F5D9 /* DiscoveryServiceTests.swift */ = {isa = PBXFileReference; lastKnownFileType = sourcecode.swift; path = DiscoveryServiceTests.swift; sourceTree = "<group>"; };
		23F88F4C2224579900A5F5D9 /* CarrierInfoService.swift */ = {isa = PBXFileReference; fileEncoding = 4; lastKnownFileType = sourcecode.swift; path = CarrierInfoService.swift; sourceTree = "<group>"; };
		23F88F5122246EC100A5F5D9 /* DisocoveryConfigMockPayloads.swift */ = {isa = PBXFileReference; lastKnownFileType = sourcecode.swift; path = DisocoveryConfigMockPayloads.swift; sourceTree = "<group>"; };
		23F88F532224738A00A5F5D9 /* NetworkService.swift */ = {isa = PBXFileReference; lastKnownFileType = sourcecode.swift; path = NetworkService.swift; sourceTree = "<group>"; };
		23F88F5522247A3500A5F5D9 /* MockNetworkService.swift */ = {isa = PBXFileReference; lastKnownFileType = sourcecode.swift; path = MockNetworkService.swift; sourceTree = "<group>"; };
		23F88F5722247A4600A5F5D9 /* MockMobileNetworkInfoProvider.swift */ = {isa = PBXFileReference; lastKnownFileType = sourcecode.swift; path = MockMobileNetworkInfoProvider.swift; sourceTree = "<group>"; };
		23F88F5922247E2E00A5F5D9 /* Constants.swift */ = {isa = PBXFileReference; lastKnownFileType = sourcecode.swift; path = Constants.swift; sourceTree = "<group>"; };
		23F88F5D2225AD6500A5F5D9 /* Result.swift */ = {isa = PBXFileReference; fileEncoding = 4; lastKnownFileType = sourcecode.swift; path = Result.swift; sourceTree = "<group>"; };
		23F88F5F2226086600A5F5D9 /* Scope.swift */ = {isa = PBXFileReference; lastKnownFileType = sourcecode.swift; path = Scope.swift; sourceTree = "<group>"; };
		8A06286A22F38AD6005DB6A8 /* AuthorizationRequestContext.swift */ = {isa = PBXFileReference; lastKnownFileType = sourcecode.swift; path = AuthorizationRequestContext.swift; sourceTree = "<group>"; };
		8A0992F522F2055B0047D150 /* DeviceInfo.swift */ = {isa = PBXFileReference; lastKnownFileType = sourcecode.swift; path = DeviceInfo.swift; sourceTree = "<group>"; };
		8A0992F722F2316D0047D150 /* AuthorizationRequestTests.swift */ = {isa = PBXFileReference; lastKnownFileType = sourcecode.swift; path = AuthorizationRequestTests.swift; sourceTree = "<group>"; };
		8A0C84BE22DE53EC00D3FD20 /* MockURLResolver.swift */ = {isa = PBXFileReference; lastKnownFileType = sourcecode.swift; path = MockURLResolver.swift; sourceTree = "<group>"; };
		8A378ED5227D0FBC00B63612 /* AuthorizationServiceIOS.swift */ = {isa = PBXFileReference; lastKnownFileType = sourcecode.swift; path = AuthorizationServiceIOS.swift; sourceTree = "<group>"; };
		8A37A00022611061001FE65D /* ProjectVerifyAuthorizeButtonTests.swift */ = {isa = PBXFileReference; lastKnownFileType = sourcecode.swift; path = ProjectVerifyAuthorizeButtonTests.swift; sourceTree = "<group>"; };
		8A37A00F226142CC001FE65D /* CurrentControllerContextProvider.swift */ = {isa = PBXFileReference; lastKnownFileType = sourcecode.swift; path = CurrentControllerContextProvider.swift; sourceTree = "<group>"; };
		8A37A012226659A5001FE65D /* ProjectVerifyNetworkConfig.swift */ = {isa = PBXFileReference; lastKnownFileType = sourcecode.swift; path = ProjectVerifyNetworkConfig.swift; sourceTree = "<group>"; };
		8A37A021226659B3001FE65D /* MobileNetworkSelectionService.swift */ = {isa = PBXFileReference; lastKnownFileType = sourcecode.swift; path = MobileNetworkSelectionService.swift; sourceTree = "<group>"; };
		8A38A918228DD40900B5A159 /* MockViewControllers.swift */ = {isa = PBXFileReference; lastKnownFileType = sourcecode.swift; path = MockViewControllers.swift; sourceTree = "<group>"; };
		8A3FAB1B224055DD00767A03 /* ConfigCacheService.swift */ = {isa = PBXFileReference; lastKnownFileType = sourcecode.swift; path = ConfigCacheService.swift; sourceTree = "<group>"; };
		8A420089230C64FF004AB908 /* CurrentSIMBrandingProviderTests.swift */ = {isa = PBXFileReference; lastKnownFileType = sourcecode.swift; path = CurrentSIMBrandingProviderTests.swift; sourceTree = "<group>"; };
		8A42700022B153D10046C69E /* AuthorizationServiceTests+DiscoveryServiceInterface.swift */ = {isa = PBXFileReference; lastKnownFileType = sourcecode.swift; path = "AuthorizationServiceTests+DiscoveryServiceInterface.swift"; sourceTree = "<group>"; };
		8A42700F22B16E600046C69E /* AuthorizationServiceTests+UserNotFoundError.swift */ = {isa = PBXFileReference; lastKnownFileType = sourcecode.swift; path = "AuthorizationServiceTests+UserNotFoundError.swift"; sourceTree = "<group>"; };
		8A48895022555345006337EC /* ProjectVerifyAuthorizeButton.swift */ = {isa = PBXFileReference; lastKnownFileType = sourcecode.swift; path = ProjectVerifyAuthorizeButton.swift; sourceTree = "<group>"; };
		8A5C3F8A225E84280013DEC3 /* ProjectVerifyBrandedButton+Branding.swift */ = {isa = PBXFileReference; lastKnownFileType = sourcecode.swift; path = "ProjectVerifyBrandedButton+Branding.swift"; sourceTree = "<group>"; };
		8A5C3F99225E93EE0013DEC3 /* ImageUtils.swift */ = {isa = PBXFileReference; lastKnownFileType = sourcecode.swift; path = ImageUtils.swift; sourceTree = "<group>"; };
		8A5C3F9B225E9B190013DEC3 /* ProjectVerifyBrandedButton.swift */ = {isa = PBXFileReference; lastKnownFileType = sourcecode.swift; path = ProjectVerifyBrandedButton.swift; sourceTree = "<group>"; };
		8A6C135B228203E700F42E3A /* MobileNetworkSelectionUI.swift */ = {isa = PBXFileReference; lastKnownFileType = sourcecode.swift; path = MobileNetworkSelectionUI.swift; sourceTree = "<group>"; };
		8A6C135D22820C1F00F42E3A /* Branding.swift */ = {isa = PBXFileReference; lastKnownFileType = sourcecode.swift; path = Branding.swift; sourceTree = "<group>"; };
		8A6C135F22820CDC00F42E3A /* CurrentSIMBrandingProvider.swift */ = {isa = PBXFileReference; lastKnownFileType = sourcecode.swift; path = CurrentSIMBrandingProvider.swift; sourceTree = "<group>"; };
		8A6C136A2282521B00F42E3A /* CarriersSharedAPI_tvOS.h */ = {isa = PBXFileReference; lastKnownFileType = sourcecode.c.h; path = CarriersSharedAPI_tvOS.h; sourceTree = "<group>"; };
		8A6C136B2282521B00F42E3A /* Info.plist */ = {isa = PBXFileReference; lastKnownFileType = text.plist.xml; path = Info.plist; sourceTree = "<group>"; };
		8A6C13822282524300F42E3A /* CarriersSharedAPI_tvOS.framework */ = {isa = PBXFileReference; explicitFileType = wrapper.framework; includeInIndex = 0; path = CarriersSharedAPI_tvOS.framework; sourceTree = BUILT_PRODUCTS_DIR; };
		8A6FCE4A22A1741D0012DC1C /* RandomStringGenerator.swift */ = {isa = PBXFileReference; lastKnownFileType = sourcecode.swift; path = RandomStringGenerator.swift; sourceTree = "<group>"; };
		8A74103222A9B9D800788E7B /* MockResponseQueue.swift */ = {isa = PBXFileReference; lastKnownFileType = sourcecode.swift; path = MockResponseQueue.swift; sourceTree = "<group>"; };
		8A74104022A9C89B00788E7B /* AuthorizationServiceTests+MobileNetworkSelectionInterface.swift */ = {isa = PBXFileReference; lastKnownFileType = sourcecode.swift; path = "AuthorizationServiceTests+MobileNetworkSelectionInterface.swift"; sourceTree = "<group>"; };
		8A7ACDBC22444AB90015D031 /* ConfigCacheServiceTests.swift */ = {isa = PBXFileReference; lastKnownFileType = sourcecode.swift; path = ConfigCacheServiceTests.swift; sourceTree = "<group>"; };
		8A80823A2257C8F700FCF691 /* ProjectVerify.xcassets */ = {isa = PBXFileReference; lastKnownFileType = folder.assetcatalog; path = ProjectVerify.xcassets; sourceTree = "<group>"; };
		8A80823C2257CBBF00FCF691 /* Localizable.strings */ = {isa = PBXFileReference; lastKnownFileType = text.plist.strings; path = Localizable.strings; sourceTree = "<group>"; };
		8A80823E2257CDF100FCF691 /* LocalizationUtils.swift */ = {isa = PBXFileReference; lastKnownFileType = sourcecode.swift; path = LocalizationUtils.swift; sourceTree = "<group>"; };
		8A8FAC902282017A003278C6 /* OpenIdURLResolver.swift */ = {isa = PBXFileReference; lastKnownFileType = sourcecode.swift; path = OpenIdURLResolver.swift; sourceTree = "<group>"; };
		8AB309E5228614AA003E08D8 /* CarriersSharedAPITests.xctest */ = {isa = PBXFileReference; explicitFileType = wrapper.cfbundle; includeInIndex = 0; path = CarriersSharedAPITests.xctest; sourceTree = BUILT_PRODUCTS_DIR; };
		8AB8A96022A05D0300E8AEB3 /* ACRValue.swift */ = {isa = PBXFileReference; lastKnownFileType = sourcecode.swift; path = ACRValue.swift; sourceTree = "<group>"; };
		8AB8A96222A05D2000E8AEB3 /* PromptValue.swift */ = {isa = PBXFileReference; lastKnownFileType = sourcecode.swift; path = PromptValue.swift; sourceTree = "<group>"; };
		8AB8A96422A06E8500E8AEB3 /* MockOpenIdService.swift */ = {isa = PBXFileReference; lastKnownFileType = sourcecode.swift; path = MockOpenIdService.swift; sourceTree = "<group>"; };
		8AB8A96622A06EA800E8AEB3 /* MockNetworkSelectionService.swift */ = {isa = PBXFileReference; lastKnownFileType = sourcecode.swift; path = MockNetworkSelectionService.swift; sourceTree = "<group>"; };
		8AB8A96822A06ED900E8AEB3 /* MockDiscoveryService.swift */ = {isa = PBXFileReference; lastKnownFileType = sourcecode.swift; path = MockDiscoveryService.swift; sourceTree = "<group>"; };
		8ABF75452268FF9200A81F50 /* ResponseURL.swift */ = {isa = PBXFileReference; lastKnownFileType = sourcecode.swift; path = ResponseURL.swift; sourceTree = "<group>"; };
		8ABF7547226A0BD900A81F50 /* URLHandling.swift */ = {isa = PBXFileReference; lastKnownFileType = sourcecode.swift; path = URLHandling.swift; sourceTree = "<group>"; };
		8ABF7549226A1C9F00A81F50 /* MobileNetworkSelectionServiceTests.swift */ = {isa = PBXFileReference; lastKnownFileType = sourcecode.swift; path = MobileNetworkSelectionServiceTests.swift; sourceTree = "<group>"; };
		8AC7CF732284D731002A79CB /* AuthorizationErrorParsing.swift */ = {isa = PBXFileReference; lastKnownFileType = sourcecode.swift; path = AuthorizationErrorParsing.swift; sourceTree = "<group>"; };
		8AC7FF3A22C135940001066E /* AuthorizationServiceCurrentRequestStorage.swift */ = {isa = PBXFileReference; lastKnownFileType = sourcecode.swift; path = AuthorizationServiceCurrentRequestStorage.swift; sourceTree = "<group>"; };
		8AD167BB224EB8D3005C1CA3 /* OpenIdConfig.swift */ = {isa = PBXFileReference; lastKnownFileType = sourcecode.swift; path = OpenIdConfig.swift; sourceTree = "<group>"; };
		8AD71CED22E8CA7300632EE6 /* Log.swift */ = {isa = PBXFileReference; lastKnownFileType = sourcecode.swift; path = Log.swift; sourceTree = "<group>"; };
		8AD71CFB22EA2DC000632EE6 /* Dictionary+Helpers.swift */ = {isa = PBXFileReference; lastKnownFileType = sourcecode.swift; path = "Dictionary+Helpers.swift"; sourceTree = "<group>"; };
		8AD71D1022EBA79000632EE6 /* OpenIdAuthorizationRequest.swift */ = {isa = PBXFileReference; lastKnownFileType = sourcecode.swift; path = OpenIdAuthorizationRequest.swift; sourceTree = "<group>"; };
		8AE6C24822D39F8B0071C5E5 /* String+Utilities.swift */ = {isa = PBXFileReference; lastKnownFileType = sourcecode.swift; path = "String+Utilities.swift"; sourceTree = "<group>"; };
		8AEA8B5F22AABE1D0099B226 /* AuthorizationServiceStateMachine.swift */ = {isa = PBXFileReference; lastKnownFileType = sourcecode.swift; path = AuthorizationServiceStateMachine.swift; sourceTree = "<group>"; };
		8AEFF02B22736011001CF41D /* WebBrowserUI.swift */ = {isa = PBXFileReference; lastKnownFileType = sourcecode.swift; path = WebBrowserUI.swift; sourceTree = "<group>"; };
/* End PBXFileReference section */

/* Begin PBXFrameworksBuildPhase section */
		233AF951220A3B080023059C /* Frameworks */ = {
			isa = PBXFrameworksBuildPhase;
			buildActionMask = 2147483647;
			files = (
			);
			runOnlyForDeploymentPostprocessing = 0;
		};
		8A6C137F2282524300F42E3A /* Frameworks */ = {
			isa = PBXFrameworksBuildPhase;
			buildActionMask = 2147483647;
			files = (
			);
			runOnlyForDeploymentPostprocessing = 0;
		};
		8AB309E2228614AA003E08D8 /* Frameworks */ = {
			isa = PBXFrameworksBuildPhase;
			buildActionMask = 2147483647;
			files = (
				8AB309EA228614AA003E08D8 /* CarriersSharedAPI.framework in Frameworks */,
			);
			runOnlyForDeploymentPostprocessing = 0;
		};
/* End PBXFrameworksBuildPhase section */

/* Begin PBXGroup section */
		233AF955220A3B080023059C /* CarriersSharedAPI */ = {
			isa = PBXGroup;
			children = (
				8A80822C2257C7FA00FCF691 /* Resources */,
				233AF970220A44AD0023059C /* Sources */,
				23B5250E22153AAA002124D4 /* Tests */,
				233AF957220A3B080023059C /* Info.plist */,
			);
			path = CarriersSharedAPI;
			sourceTree = "<group>";
		};
		233AF970220A44AD0023059C /* Sources */ = {
			isa = PBXGroup;
			children = (
				8AE7F643227B7269009B4358 /* Core */,
				8AE7F634227B7251009B4358 /* iOS */,
				8AE7F642227B725A009B4358 /* tvOS */,
			);
			path = Sources;
			sourceTree = "<group>";
		};
		23B5250E22153AAA002124D4 /* Tests */ = {
			isa = PBXGroup;
			children = (
				23F88F5022246EA500A5F5D9 /* Mocks */,
				8AC7CF732284D731002A79CB /* AuthorizationErrorParsing.swift */,
				8A0992F722F2316D0047D150 /* AuthorizationRequestTests.swift */,
				236AC635222714F100E7C900 /* AuthorizationServiceTests.swift */,
				8A42700022B153D10046C69E /* AuthorizationServiceTests+DiscoveryServiceInterface.swift */,
				8A74104022A9C89B00788E7B /* AuthorizationServiceTests+MobileNetworkSelectionInterface.swift */,
				8A42700F22B16E600046C69E /* AuthorizationServiceTests+UserNotFoundError.swift */,
				23F88F412220803500A5F5D9 /* CarrierInfoServiceTests.swift */,
				23B52505221539E5002124D4 /* CarriersSharedAPITests.swift */,
				8A7ACDBC22444AB90015D031 /* ConfigCacheServiceTests.swift */,
				23F88F5922247E2E00A5F5D9 /* Constants.swift */,
				8A420089230C64FF004AB908 /* CurrentSIMBrandingProviderTests.swift */,
				23F88F472220B83700A5F5D9 /* DiscoveryServiceTests.swift */,
				23B52507221539E5002124D4 /* Info.plist */,
				8ABF7549226A1C9F00A81F50 /* MobileNetworkSelectionServiceTests.swift */,
				23196D9022306E29005393AB /* OpenIdServiceTests.swift */,
				8A37A00022611061001FE65D /* ProjectVerifyAuthorizeButtonTests.swift */,
				2340CAAB2231D253009556FE /* SDKConfigTests.swift */,
				237B7BF422261A4500E29992 /* ScopeTests.swift */,
			);
			path = Tests;
			sourceTree = "<group>";
		};
		23F88F5022246EA500A5F5D9 /* Mocks */ = {
			isa = PBXGroup;
			children = (
				23F88F5122246EC100A5F5D9 /* DisocoveryConfigMockPayloads.swift */,
				233A50302228831A0089BA0D /* MockCarrierInfoService.swift */,
				23F88F5722247A4600A5F5D9 /* MockMobileNetworkInfoProvider.swift */,
				23F88F5522247A3500A5F5D9 /* MockNetworkService.swift */,
				8A38A918228DD40900B5A159 /* MockViewControllers.swift */,
				8AB8A96422A06E8500E8AEB3 /* MockOpenIdService.swift */,
				8AB8A96622A06EA800E8AEB3 /* MockNetworkSelectionService.swift */,
				8AB8A96822A06ED900E8AEB3 /* MockDiscoveryService.swift */,
				8A74103222A9B9D800788E7B /* MockResponseQueue.swift */,
				8A0C84BE22DE53EC00D3FD20 /* MockURLResolver.swift */,
			);
			path = Mocks;
			sourceTree = "<group>";
		};
		56BCE47A2203755D00196A17 = {
			isa = PBXGroup;
			children = (
				233AF955220A3B080023059C /* CarriersSharedAPI */,
				8A6C13692282521B00F42E3A /* CarriersSharedAPI-tvOS */,
				8A9DEC40224A9B2A00E010EB /* Frameworks */,
				56BCE4842203755D00196A17 /* Products */,
			);
			sourceTree = "<group>";
		};
		56BCE4842203755D00196A17 /* Products */ = {
			isa = PBXGroup;
			children = (
				233AF954220A3B080023059C /* CarriersSharedAPI.framework */,
				8A6C13822282524300F42E3A /* CarriersSharedAPI_tvOS.framework */,
				8AB309E5228614AA003E08D8 /* CarriersSharedAPITests.xctest */,
			);
			name = Products;
			sourceTree = "<group>";
		};
		8A6C13692282521B00F42E3A /* CarriersSharedAPI-tvOS */ = {
			isa = PBXGroup;
			children = (
				8A6C136A2282521B00F42E3A /* CarriersSharedAPI_tvOS.h */,
				8A6C136B2282521B00F42E3A /* Info.plist */,
			);
			path = "CarriersSharedAPI-tvOS";
			sourceTree = "<group>";
		};
		8A80822C2257C7FA00FCF691 /* Resources */ = {
			isa = PBXGroup;
			children = (
				8A80823C2257CBBF00FCF691 /* Localizable.strings */,
				8A80823A2257C8F700FCF691 /* ProjectVerify.xcassets */,
			);
			path = Resources;
			sourceTree = "<group>";
		};
		8A9DEC40224A9B2A00E010EB /* Frameworks */ = {
			isa = PBXGroup;
			children = (
			);
			name = Frameworks;
			sourceTree = "<group>";
		};
		8AE7F634227B7251009B4358 /* iOS */ = {
			isa = PBXGroup;
			children = (
				8A378ED5227D0FBC00B63612 /* AuthorizationServiceIOS.swift */,
				23F88F4C2224579900A5F5D9 /* CarrierInfoService.swift */,
				8A6C135F22820CDC00F42E3A /* CurrentSIMBrandingProvider.swift */,
				23F88F3D221F433900A5F5D9 /* MobileNetworkInfoProvider.swift */,
				8AEFF02B22736011001CF41D /* WebBrowserUI.swift */,
				23196D9222309173005393AB /* OpenIdURLResolverIOS.swift */,
			);
			path = iOS;
			sourceTree = "<group>";
		};
		8AE7F642227B725A009B4358 /* tvOS */ = {
			isa = PBXGroup;
			children = (
			);
			path = tvOS;
			sourceTree = "<group>";
		};
		8AE7F643227B7269009B4358 /* Core */ = {
			isa = PBXGroup;
			children = (
				8AB8A96022A05D0300E8AEB3 /* ACRValue.swift */,
				2399F3F82227702A007D3613 /* AuthorizationError.swift */,
				8A06286A22F38AD6005DB6A8 /* AuthorizationRequestContext.swift */,
				231FFB99221C6DD800E2B1BA /* AuthorizationService.swift */,
				8AEA8B5F22AABE1D0099B226 /* AuthorizationServiceStateMachine.swift */,
				8AC7FF3A22C135940001066E /* AuthorizationServiceCurrentRequestStorage.swift */,
				8A6C135D22820C1F00F42E3A /* Branding.swift */,
				23F88F3B221F31B800A5F5D9 /* Carrier.swift */,
				233AF956220A3B080023059C /* CarriersSharedAPI.h */,
				8A3FAB1B224055DD00767A03 /* ConfigCacheService.swift */,
				8A37A00F226142CC001FE65D /* CurrentControllerContextProvider.swift */,
				233A502E22287DD10089BA0D /* Dependencies.swift */,
				8A0992F522F2055B0047D150 /* DeviceInfo.swift */,
				8AD71CFB22EA2DC000632EE6 /* Dictionary+Helpers.swift */,
				23F88F43222080C800A5F5D9 /* DiscoveryService.swift */,
				2365C04C2236D31F00E0ED4A /* ErrorCodes.swift */,
				8A5C3F99225E93EE0013DEC3 /* ImageUtils.swift */,
				8A80823E2257CDF100FCF691 /* LocalizationUtils.swift */,
				8AD71CED22E8CA7300632EE6 /* Log.swift */,
				8A37A021226659B3001FE65D /* MobileNetworkSelectionService.swift */,
				8A6C135B228203E700F42E3A /* MobileNetworkSelectionUI.swift */,
				23F88F532224738A00A5F5D9 /* NetworkService.swift */,
				8AD71D1022EBA79000632EE6 /* OpenIdAuthorizationRequest.swift */,
				8AD167BB224EB8D3005C1CA3 /* OpenIdConfig.swift */,
				236AC637222720E600E7C900 /* OpenIdService.swift */,
				8A8FAC902282017A003278C6 /* OpenIdURLResolver.swift */,
				23B524EC22152129002124D4 /* ProjectVerifyAppDelegate.swift */,
				8A48895022555345006337EC /* ProjectVerifyAuthorizeButton.swift */,
				8A5C3F8A225E84280013DEC3 /* ProjectVerifyBrandedButton+Branding.swift */,
				8A5C3F9B225E9B190013DEC3 /* ProjectVerifyBrandedButton.swift */,
				8A37A012226659A5001FE65D /* ProjectVerifyNetworkConfig.swift */,
				8AB8A96222A05D2000E8AEB3 /* PromptValue.swift */,
				8A6FCE4A22A1741D0012DC1C /* RandomStringGenerator.swift */,
				8ABF75452268FF9200A81F50 /* ResponseURL.swift */,
				23F88F5D2225AD6500A5F5D9 /* Result.swift */,
				231FFB9B221C6DE500E2B1BA /* SDKConfig.swift */,
				23F88F37221F2B0E00A5F5D9 /* SIMInfo.swift */,
				23F88F5F2226086600A5F5D9 /* Scope.swift */,
				8AE6C24822D39F8B0071C5E5 /* String+Utilities.swift */,
				8ABF7547226A0BD900A81F50 /* URLHandling.swift */,
			);
			path = Core;
			sourceTree = "<group>";
		};
/* End PBXGroup section */

/* Begin PBXHeadersBuildPhase section */
		233AF94F220A3B080023059C /* Headers */ = {
			isa = PBXHeadersBuildPhase;
			buildActionMask = 2147483647;
			files = (
				233AF964220A3B080023059C /* CarriersSharedAPI.h in Headers */,
			);
			runOnlyForDeploymentPostprocessing = 0;
		};
		8A6C137D2282524300F42E3A /* Headers */ = {
			isa = PBXHeadersBuildPhase;
			buildActionMask = 2147483647;
			files = (
				8A6C138D2282531300F42E3A /* CarriersSharedAPI.h in Headers */,
			);
			runOnlyForDeploymentPostprocessing = 0;
		};
/* End PBXHeadersBuildPhase section */

/* Begin PBXNativeTarget section */
		233AF953220A3B080023059C /* CarriersSharedAPI */ = {
			isa = PBXNativeTarget;
			buildConfigurationList = 233AF965220A3B080023059C /* Build configuration list for PBXNativeTarget "CarriersSharedAPI" */;
			buildPhases = (
				233AF94F220A3B080023059C /* Headers */,
				233AF950220A3B080023059C /* Sources */,
				233AF951220A3B080023059C /* Frameworks */,
				233AF952220A3B080023059C /* Resources */,
				8AB30A24228A1C86003E08D8 /* SwiftLint */,
			);
			buildRules = (
			);
			dependencies = (
			);
			name = CarriersSharedAPI;
			productName = CarriersSharedAPI;
			productReference = 233AF954220A3B080023059C /* CarriersSharedAPI.framework */;
			productType = "com.apple.product-type.framework";
		};
		8A6C13812282524300F42E3A /* CarriersSharedAPI_tvOS */ = {
			isa = PBXNativeTarget;
			buildConfigurationList = 8A6C13872282524400F42E3A /* Build configuration list for PBXNativeTarget "CarriersSharedAPI_tvOS" */;
			buildPhases = (
				8A6C137D2282524300F42E3A /* Headers */,
				8A6C137E2282524300F42E3A /* Sources */,
				8A6C137F2282524300F42E3A /* Frameworks */,
				8A6C13802282524300F42E3A /* Resources */,
			);
			buildRules = (
			);
			dependencies = (
			);
			name = CarriersSharedAPI_tvOS;
			productName = "CarriersSharedAPI-tvOS";
			productReference = 8A6C13822282524300F42E3A /* CarriersSharedAPI_tvOS.framework */;
			productType = "com.apple.product-type.framework";
		};
		8AB309E4228614AA003E08D8 /* CarriersSharedAPITests */ = {
			isa = PBXNativeTarget;
			buildConfigurationList = 8AB309FB228614AA003E08D8 /* Build configuration list for PBXNativeTarget "CarriersSharedAPITests" */;
			buildPhases = (
				8AB309E1228614AA003E08D8 /* Sources */,
				8AB309E2228614AA003E08D8 /* Frameworks */,
				8AB309E3228614AA003E08D8 /* Resources */,
			);
			buildRules = (
			);
			dependencies = (
				8AB309EC228614AA003E08D8 /* PBXTargetDependency */,
			);
			name = CarriersSharedAPITests;
			productName = CarriersSharedAPITests;
			productReference = 8AB309E5228614AA003E08D8 /* CarriersSharedAPITests.xctest */;
			productType = "com.apple.product-type.bundle.unit-test";
		};
/* End PBXNativeTarget section */

/* Begin PBXProject section */
		56BCE47B2203755D00196A17 /* Project object */ = {
			isa = PBXProject;
			attributes = {
				DefaultBuildSystemTypeForWorkspace = Original;
				LastSwiftUpdateCheck = 1020;
				LastUpgradeCheck = 1010;
				ORGANIZATIONNAME = "XCI JV, LLC.";
				TargetAttributes = {
					233AF953220A3B080023059C = {
						CreatedOnToolsVersion = 10.1;
						LastSwiftMigration = 1010;
					};
					8A6C13812282524300F42E3A = {
						CreatedOnToolsVersion = 10.2;
					};
					8AB309E4228614AA003E08D8 = {
						CreatedOnToolsVersion = 10.2;
					};
				};
			};
			buildConfigurationList = 56BCE47E2203755D00196A17 /* Build configuration list for PBXProject "XCI-ProviderSDK-iOS" */;
			compatibilityVersion = "Xcode 9.3";
			developmentRegion = en;
			hasScannedForEncodings = 0;
			knownRegions = (
				en,
				Base,
			);
			mainGroup = 56BCE47A2203755D00196A17;
			productRefGroup = 56BCE4842203755D00196A17 /* Products */;
			projectDirPath = "";
			projectRoot = "";
			targets = (
				233AF953220A3B080023059C /* CarriersSharedAPI */,
				8A6C13812282524300F42E3A /* CarriersSharedAPI_tvOS */,
				8AB309E4228614AA003E08D8 /* CarriersSharedAPITests */,
			);
		};
/* End PBXProject section */

/* Begin PBXResourcesBuildPhase section */
		233AF952220A3B080023059C /* Resources */ = {
			isa = PBXResourcesBuildPhase;
			buildActionMask = 2147483647;
			files = (
				8A80823B2257C8F700FCF691 /* ProjectVerify.xcassets in Resources */,
				8A80823D2257CBBF00FCF691 /* Localizable.strings in Resources */,
			);
			runOnlyForDeploymentPostprocessing = 0;
		};
		8A6C13802282524300F42E3A /* Resources */ = {
			isa = PBXResourcesBuildPhase;
			buildActionMask = 2147483647;
			files = (
			);
			runOnlyForDeploymentPostprocessing = 0;
		};
		8AB309E3228614AA003E08D8 /* Resources */ = {
			isa = PBXResourcesBuildPhase;
			buildActionMask = 2147483647;
			files = (
			);
			runOnlyForDeploymentPostprocessing = 0;
		};
/* End PBXResourcesBuildPhase section */

/* Begin PBXShellScriptBuildPhase section */
		8AB30A24228A1C86003E08D8 /* SwiftLint */ = {
			isa = PBXShellScriptBuildPhase;
			buildActionMask = 2147483647;
			files = (
			);
			inputFileListPaths = (
			);
			inputPaths = (
			);
			name = SwiftLint;
			outputFileListPaths = (
			);
			outputPaths = (
			);
			runOnlyForDeploymentPostprocessing = 0;
			shellPath = /bin/sh;
			shellScript = "if which swiftlint >/dev/null; then\nswiftlint\nelse\necho \"warning: SwiftLint not installed, download from https://github.com/realm/SwiftLint\"\nfi\n";
		};
/* End PBXShellScriptBuildPhase section */

/* Begin PBXSourcesBuildPhase section */
		233AF950220A3B080023059C /* Sources */ = {
			isa = PBXSourcesBuildPhase;
			buildActionMask = 2147483647;
			files = (
				233A502F22287DD10089BA0D /* Dependencies.swift in Sources */,
				23F88F38221F2B0E00A5F5D9 /* SIMInfo.swift in Sources */,
				23F88F5E2225AD6600A5F5D9 /* Result.swift in Sources */,
				8A5C3F9A225E93EE0013DEC3 /* ImageUtils.swift in Sources */,
				8AEFF02C22736011001CF41D /* WebBrowserUI.swift in Sources */,
				8A378ED6227D0FBC00B63612 /* AuthorizationServiceIOS.swift in Sources */,
				8A3FAB1C224055DD00767A03 /* ConfigCacheService.swift in Sources */,
				8AD71CEE22E8CA7300632EE6 /* Log.swift in Sources */,
				8AD167BC224EB8D3005C1CA3 /* OpenIdConfig.swift in Sources */,
				23F88F3E221F433900A5F5D9 /* MobileNetworkInfoProvider.swift in Sources */,
				8A8FAC912282017A003278C6 /* OpenIdURLResolver.swift in Sources */,
				23196D9322309173005393AB /* OpenIdURLResolverIOS.swift in Sources */,
				8A37A022226659B3001FE65D /* MobileNetworkSelectionService.swift in Sources */,
				8AD71CFC22EA2DC100632EE6 /* Dictionary+Helpers.swift in Sources */,
				8A6FCE4B22A1741D0012DC1C /* RandomStringGenerator.swift in Sources */,
				8A5C3F8B225E84280013DEC3 /* ProjectVerifyBrandedButton+Branding.swift in Sources */,
				8AE6C24922D39F8B0071C5E5 /* String+Utilities.swift in Sources */,
				2365C04D2236D31F00E0ED4A /* ErrorCodes.swift in Sources */,
				23F88F4D2224579900A5F5D9 /* CarrierInfoService.swift in Sources */,
				8A37A010226142CC001FE65D /* CurrentControllerContextProvider.swift in Sources */,
				231FFB9A221C6DD800E2B1BA /* AuthorizationService.swift in Sources */,
				8A48895122555345006337EC /* ProjectVerifyAuthorizeButton.swift in Sources */,
				8A6C135E22820C1F00F42E3A /* Branding.swift in Sources */,
				8AC7FF3B22C135940001066E /* AuthorizationServiceCurrentRequestStorage.swift in Sources */,
				8AB8A96322A05D2100E8AEB3 /* PromptValue.swift in Sources */,
				23F88F3C221F31B800A5F5D9 /* Carrier.swift in Sources */,
				8A37A013226659A5001FE65D /* ProjectVerifyNetworkConfig.swift in Sources */,
				8A5C3F9C225E9B190013DEC3 /* ProjectVerifyBrandedButton.swift in Sources */,
				23F88F44222080C800A5F5D9 /* DiscoveryService.swift in Sources */,
				23F88F542224738A00A5F5D9 /* NetworkService.swift in Sources */,
				8A80823F2257CDF100FCF691 /* LocalizationUtils.swift in Sources */,
				231FFB9C221C6DE500E2B1BA /* SDKConfig.swift in Sources */,
				8ABF75462268FF9200A81F50 /* ResponseURL.swift in Sources */,
				8A0992F622F2055B0047D150 /* DeviceInfo.swift in Sources */,
				23B524ED22152129002124D4 /* ProjectVerifyAppDelegate.swift in Sources */,
				8ABF7548226A0BD900A81F50 /* URLHandling.swift in Sources */,
				8A6C135C228203E700F42E3A /* MobileNetworkSelectionUI.swift in Sources */,
				23F88F602226086600A5F5D9 /* Scope.swift in Sources */,
				8AD71D1122EBA79000632EE6 /* OpenIdAuthorizationRequest.swift in Sources */,
				236AC638222720E600E7C900 /* OpenIdService.swift in Sources */,
				8A06286B22F38AD6005DB6A8 /* AuthorizationRequestContext.swift in Sources */,
				8A6C136022820CDC00F42E3A /* CurrentSIMBrandingProvider.swift in Sources */,
				8AB8A96122A05D0300E8AEB3 /* ACRValue.swift in Sources */,
				2399F3F92227702A007D3613 /* AuthorizationError.swift in Sources */,
				8AEA8B6022AABE1D0099B226 /* AuthorizationServiceStateMachine.swift in Sources */,
			);
			runOnlyForDeploymentPostprocessing = 0;
		};
		8A6C137E2282524300F42E3A /* Sources */ = {
			isa = PBXSourcesBuildPhase;
			buildActionMask = 2147483647;
			files = (
				8A6C13A32282531300F42E3A /* Carrier.swift in Sources */,
				8A6C13A82282531300F42E3A /* ProjectVerifyAuthorizeButton.swift in Sources */,
				8A6C13A22282531300F42E3A /* OpenIdService.swift in Sources */,
				8A6C139C2282531300F42E3A /* LocalizationUtils.swift in Sources */,
				8A6C13A92282531300F42E3A /* Branding.swift in Sources */,
				8A6C139E2282531300F42E3A /* ConfigCacheService.swift in Sources */,
				8A6C13912282531300F42E3A /* Dependencies.swift in Sources */,
				8A6C13932282531300F42E3A /* ProjectVerifyAppDelegate.swift in Sources */,
				8A6C139A2282531300F42E3A /* CurrentControllerContextProvider.swift in Sources */,
				8A6C138E2282531300F42E3A /* SIMInfo.swift in Sources */,
				8A6C139F2282531300F42E3A /* ErrorCodes.swift in Sources */,
				8A6C13952282531300F42E3A /* Scope.swift in Sources */,
				8A6C13922282531300F42E3A /* ProjectVerifyNetworkConfig.swift in Sources */,
				8A6C13A72282531300F42E3A /* ProjectVerifyBrandedButton+Branding.swift in Sources */,
				8A6C13982282531300F42E3A /* URLHandling.swift in Sources */,
				8A6C13A52282531300F42E3A /* MobileNetworkSelectionUI.swift in Sources */,
				8A6C13972282531300F42E3A /* Result.swift in Sources */,
				8A6C13992282531300F42E3A /* ResponseURL.swift in Sources */,
				8A6C13A02282531300F42E3A /* NetworkService.swift in Sources */,
				8A6C13942282531300F42E3A /* SDKConfig.swift in Sources */,
				8A6C139D2282531300F42E3A /* OpenIdConfig.swift in Sources */,
				8A6C13A42282531300F42E3A /* OpenIdURLResolver.swift in Sources */,
				8A6C13A62282531300F42E3A /* ProjectVerifyBrandedButton.swift in Sources */,
				8A6C138B2282531300F42E3A /* MobileNetworkSelectionService.swift in Sources */,
				8A6C13A12282531300F42E3A /* DiscoveryService.swift in Sources */,
				8A6C13902282531300F42E3A /* AuthorizationError.swift in Sources */,
				8A6C138F2282531300F42E3A /* AuthorizationService.swift in Sources */,
				8A6C139B2282531300F42E3A /* ImageUtils.swift in Sources */,
			);
			runOnlyForDeploymentPostprocessing = 0;
		};
		8AB309E1228614AA003E08D8 /* Sources */ = {
			isa = PBXSourcesBuildPhase;
			buildActionMask = 2147483647;
			files = (
				8A74104222A9C89E00788E7B /* AuthorizationServiceTests+MobileNetworkSelectionInterface.swift in Sources */,
				8AB8A97222A06F2B00E8AEB3 /* MockDiscoveryService.swift in Sources */,
				8AB30A01228614DE003E08D8 /* DiscoveryServiceTests.swift in Sources */,
				8AB30A09228614DE003E08D8 /* AuthorizationErrorParsing.swift in Sources */,
				8AB30A04228614DE003E08D8 /* OpenIdServiceTests.swift in Sources */,
				8AB30A06228614DE003E08D8 /* ConfigCacheServiceTests.swift in Sources */,
				8AB8A97122A06F2B00E8AEB3 /* MockOpenIdService.swift in Sources */,
				8AB30A00228614DE003E08D8 /* CarrierInfoServiceTests.swift in Sources */,
				8AB30A08228614DE003E08D8 /* MobileNetworkSelectionServiceTests.swift in Sources */,
				8AB309FD228614DE003E08D8 /* ScopeTests.swift in Sources */,
				8AB30A0D228614E2003E08D8 /* MockCarrierInfoService.swift in Sources */,
				8A42700E22B153FE0046C69E /* AuthorizationServiceTests+DiscoveryServiceInterface.swift in Sources */,
				8A0992F922F234770047D150 /* AuthorizationRequestTests.swift in Sources */,
				8A0992FA22F250790047D150 /* MockResponseQueue.swift in Sources */,
				8AB8A97022A06F2B00E8AEB3 /* MockViewControllers.swift in Sources */,
				8AB30A0B228614E2003E08D8 /* MockNetworkService.swift in Sources */,
				8AB30A05228614DE003E08D8 /* SDKConfigTests.swift in Sources */,
				8AB30A07228614DE003E08D8 /* ProjectVerifyAuthorizeButtonTests.swift in Sources */,
				8A0C84CC22DE541700D3FD20 /* MockURLResolver.swift in Sources */,
				8AB309FE228614DE003E08D8 /* CarriersSharedAPITests.swift in Sources */,
				8A42701122B16E810046C69E /* AuthorizationServiceTests+UserNotFoundError.swift in Sources */,
				8AB8A96A22A06F2400E8AEB3 /* MockNetworkSelectionService.swift in Sources */,
				8A42008B230C65E7004AB908 /* CurrentSIMBrandingProviderTests.swift in Sources */,
				8AB30A0C228614E2003E08D8 /* MockMobileNetworkInfoProvider.swift in Sources */,
				8AB309FC228614DE003E08D8 /* AuthorizationServiceTests.swift in Sources */,
				8AB30A03228614DE003E08D8 /* Constants.swift in Sources */,
				8AB30A0A228614E2003E08D8 /* DisocoveryConfigMockPayloads.swift in Sources */,
			);
			runOnlyForDeploymentPostprocessing = 0;
		};
/* End PBXSourcesBuildPhase section */

/* Begin PBXTargetDependency section */
		8AB309EC228614AA003E08D8 /* PBXTargetDependency */ = {
			isa = PBXTargetDependency;
			target = 233AF953220A3B080023059C /* CarriersSharedAPI */;
			targetProxy = 8AB309EB228614AA003E08D8 /* PBXContainerItemProxy */;
		};
/* End PBXTargetDependency section */

/* Begin XCBuildConfiguration section */
		233AF966220A3B080023059C /* Debug */ = {
			isa = XCBuildConfiguration;
			buildSettings = {
				CLANG_ENABLE_MODULES = YES;
				CODE_SIGN_IDENTITY = "iPhone Developer";
				CODE_SIGN_STYLE = Manual;
				CURRENT_PROJECT_VERSION = 1;
				DEFINES_MODULE = YES;
				DEVELOPMENT_TEAM = "";
				DYLIB_COMPATIBILITY_VERSION = 1;
				DYLIB_CURRENT_VERSION = 1;
				DYLIB_INSTALL_NAME_BASE = "@rpath";
				INFOPLIST_FILE = CarriersSharedAPI/Info.plist;
				INSTALL_PATH = "$(LOCAL_LIBRARY_DIR)/Frameworks";
				IPHONEOS_DEPLOYMENT_TARGET = 10.0;
				LD_RUNPATH_SEARCH_PATHS = (
					"$(inherited)",
					"@executable_path/Frameworks",
					"@loader_path/Frameworks",
				);
				ONLY_ACTIVE_ARCH = YES;
				PRODUCT_BUNDLE_IDENTIFIER = com.xci.provider.sdk;
				PRODUCT_NAME = "$(TARGET_NAME:c99extidentifier)";
				PROVISIONING_PROFILE_SPECIFIER = "";
				SKIP_INSTALL = YES;
				SWIFT_OPTIMIZATION_LEVEL = "-Onone";
				SWIFT_VERSION = 4.2;
				TARGETED_DEVICE_FAMILY = "1,2";
				VERSIONING_SYSTEM = "apple-generic";
				VERSION_INFO_PREFIX = "";
			};
			name = Debug;
		};
		233AF967220A3B080023059C /* Release */ = {
			isa = XCBuildConfiguration;
			buildSettings = {
				CLANG_ENABLE_MODULES = YES;
				CODE_SIGN_IDENTITY = "iPhone Distribution";
				CODE_SIGN_STYLE = Manual;
				CURRENT_PROJECT_VERSION = 1;
				DEFINES_MODULE = YES;
				DEVELOPMENT_TEAM = "";
				DYLIB_COMPATIBILITY_VERSION = 1;
				DYLIB_CURRENT_VERSION = 1;
				DYLIB_INSTALL_NAME_BASE = "@rpath";
				INFOPLIST_FILE = CarriersSharedAPI/Info.plist;
				INSTALL_PATH = "$(LOCAL_LIBRARY_DIR)/Frameworks";
				IPHONEOS_DEPLOYMENT_TARGET = 10.0;
				LD_RUNPATH_SEARCH_PATHS = (
					"$(inherited)",
					"@executable_path/Frameworks",
					"@loader_path/Frameworks",
				);
				ONLY_ACTIVE_ARCH = NO;
				PRODUCT_BUNDLE_IDENTIFIER = com.xci.provider.sdk;
				PRODUCT_NAME = "$(TARGET_NAME:c99extidentifier)";
				PROVISIONING_PROFILE_SPECIFIER = "";
				SKIP_INSTALL = YES;
				SWIFT_VERSION = 4.2;
				TARGETED_DEVICE_FAMILY = "1,2";
				VERSIONING_SYSTEM = "apple-generic";
				VERSION_INFO_PREFIX = "";
			};
			name = Release;
		};
		56BCE4A92203755E00196A17 /* Debug */ = {
			isa = XCBuildConfiguration;
			buildSettings = {
				ALWAYS_SEARCH_USER_PATHS = NO;
				CLANG_ANALYZER_NONNULL = YES;
				CLANG_ANALYZER_NUMBER_OBJECT_CONVERSION = YES_AGGRESSIVE;
				CLANG_CXX_LANGUAGE_STANDARD = "gnu++14";
				CLANG_CXX_LIBRARY = "libc++";
				CLANG_ENABLE_MODULES = YES;
				CLANG_ENABLE_OBJC_ARC = YES;
				CLANG_ENABLE_OBJC_WEAK = YES;
				CLANG_WARN_BLOCK_CAPTURE_AUTORELEASING = YES;
				CLANG_WARN_BOOL_CONVERSION = YES;
				CLANG_WARN_COMMA = YES;
				CLANG_WARN_CONSTANT_CONVERSION = YES;
				CLANG_WARN_DEPRECATED_OBJC_IMPLEMENTATIONS = YES;
				CLANG_WARN_DIRECT_OBJC_ISA_USAGE = YES_ERROR;
				CLANG_WARN_DOCUMENTATION_COMMENTS = YES;
				CLANG_WARN_EMPTY_BODY = YES;
				CLANG_WARN_ENUM_CONVERSION = YES;
				CLANG_WARN_INFINITE_RECURSION = YES;
				CLANG_WARN_INT_CONVERSION = YES;
				CLANG_WARN_NON_LITERAL_NULL_CONVERSION = YES;
				CLANG_WARN_OBJC_IMPLICIT_RETAIN_SELF = YES;
				CLANG_WARN_OBJC_LITERAL_CONVERSION = YES;
				CLANG_WARN_OBJC_ROOT_CLASS = YES_ERROR;
				CLANG_WARN_RANGE_LOOP_ANALYSIS = YES;
				CLANG_WARN_STRICT_PROTOTYPES = YES;
				CLANG_WARN_SUSPICIOUS_MOVE = YES;
				CLANG_WARN_UNGUARDED_AVAILABILITY = YES_AGGRESSIVE;
				CLANG_WARN_UNREACHABLE_CODE = YES;
				CLANG_WARN__DUPLICATE_METHOD_MATCH = YES;
				CODE_SIGN_IDENTITY = "iPhone Developer";
				COPY_PHASE_STRIP = NO;
				DEBUG_INFORMATION_FORMAT = dwarf;
				ENABLE_STRICT_OBJC_MSGSEND = YES;
				ENABLE_TESTABILITY = YES;
				GCC_C_LANGUAGE_STANDARD = gnu11;
				GCC_DYNAMIC_NO_PIC = NO;
				GCC_NO_COMMON_BLOCKS = YES;
				GCC_OPTIMIZATION_LEVEL = 0;
				GCC_PREPROCESSOR_DEFINITIONS = (
					"DEBUG=1",
					"$(inherited)",
				);
				GCC_WARN_64_TO_32_BIT_CONVERSION = YES;
				GCC_WARN_ABOUT_RETURN_TYPE = YES_ERROR;
				GCC_WARN_UNDECLARED_SELECTOR = YES;
				GCC_WARN_UNINITIALIZED_AUTOS = YES_AGGRESSIVE;
				GCC_WARN_UNUSED_FUNCTION = YES;
				GCC_WARN_UNUSED_VARIABLE = YES;
				IPHONEOS_DEPLOYMENT_TARGET = 10.0;
				MTL_ENABLE_DEBUG_INFO = INCLUDE_SOURCE;
				MTL_FAST_MATH = YES;
				ONLY_ACTIVE_ARCH = YES;
				SDKROOT = iphoneos;
				SWIFT_ACTIVE_COMPILATION_CONDITIONS = DEBUG;
				SWIFT_OPTIMIZATION_LEVEL = "-Onone";
			};
			name = Debug;
		};
		56BCE4AA2203755E00196A17 /* Release */ = {
			isa = XCBuildConfiguration;
			buildSettings = {
				ALWAYS_SEARCH_USER_PATHS = NO;
				CLANG_ANALYZER_NONNULL = YES;
				CLANG_ANALYZER_NUMBER_OBJECT_CONVERSION = YES_AGGRESSIVE;
				CLANG_CXX_LANGUAGE_STANDARD = "gnu++14";
				CLANG_CXX_LIBRARY = "libc++";
				CLANG_ENABLE_MODULES = YES;
				CLANG_ENABLE_OBJC_ARC = YES;
				CLANG_ENABLE_OBJC_WEAK = YES;
				CLANG_WARN_BLOCK_CAPTURE_AUTORELEASING = YES;
				CLANG_WARN_BOOL_CONVERSION = YES;
				CLANG_WARN_COMMA = YES;
				CLANG_WARN_CONSTANT_CONVERSION = YES;
				CLANG_WARN_DEPRECATED_OBJC_IMPLEMENTATIONS = YES;
				CLANG_WARN_DIRECT_OBJC_ISA_USAGE = YES_ERROR;
				CLANG_WARN_DOCUMENTATION_COMMENTS = YES;
				CLANG_WARN_EMPTY_BODY = YES;
				CLANG_WARN_ENUM_CONVERSION = YES;
				CLANG_WARN_INFINITE_RECURSION = YES;
				CLANG_WARN_INT_CONVERSION = YES;
				CLANG_WARN_NON_LITERAL_NULL_CONVERSION = YES;
				CLANG_WARN_OBJC_IMPLICIT_RETAIN_SELF = YES;
				CLANG_WARN_OBJC_LITERAL_CONVERSION = YES;
				CLANG_WARN_OBJC_ROOT_CLASS = YES_ERROR;
				CLANG_WARN_RANGE_LOOP_ANALYSIS = YES;
				CLANG_WARN_STRICT_PROTOTYPES = YES;
				CLANG_WARN_SUSPICIOUS_MOVE = YES;
				CLANG_WARN_UNGUARDED_AVAILABILITY = YES_AGGRESSIVE;
				CLANG_WARN_UNREACHABLE_CODE = YES;
				CLANG_WARN__DUPLICATE_METHOD_MATCH = YES;
				CODE_SIGN_IDENTITY = "iPhone Developer";
				COPY_PHASE_STRIP = NO;
				DEBUG_INFORMATION_FORMAT = "dwarf-with-dsym";
				ENABLE_NS_ASSERTIONS = NO;
				ENABLE_STRICT_OBJC_MSGSEND = YES;
				GCC_C_LANGUAGE_STANDARD = gnu11;
				GCC_NO_COMMON_BLOCKS = YES;
				GCC_WARN_64_TO_32_BIT_CONVERSION = YES;
				GCC_WARN_ABOUT_RETURN_TYPE = YES_ERROR;
				GCC_WARN_UNDECLARED_SELECTOR = YES;
				GCC_WARN_UNINITIALIZED_AUTOS = YES_AGGRESSIVE;
				GCC_WARN_UNUSED_FUNCTION = YES;
				GCC_WARN_UNUSED_VARIABLE = YES;
				IPHONEOS_DEPLOYMENT_TARGET = 10.0;
				MTL_ENABLE_DEBUG_INFO = NO;
				MTL_FAST_MATH = YES;
				SDKROOT = iphoneos;
				SWIFT_COMPILATION_MODE = wholemodule;
				SWIFT_OPTIMIZATION_LEVEL = "-O";
				VALIDATE_PRODUCT = YES;
			};
			name = Release;
		};
		8A6C13882282524400F42E3A /* Debug */ = {
			isa = XCBuildConfiguration;
			buildSettings = {
				CODE_SIGN_IDENTITY = "iPhone Developer";
				CODE_SIGN_STYLE = Manual;
				CURRENT_PROJECT_VERSION = 1;
				DEFINES_MODULE = YES;
				DEVELOPMENT_TEAM = "";
				DYLIB_COMPATIBILITY_VERSION = 1;
				DYLIB_CURRENT_VERSION = 1;
				DYLIB_INSTALL_NAME_BASE = "@rpath";
				INFOPLIST_FILE = "CarriersSharedAPI-tvOS/Info.plist";
				INSTALL_PATH = "$(LOCAL_LIBRARY_DIR)/Frameworks";
				LD_RUNPATH_SEARCH_PATHS = (
					"$(inherited)",
					"@executable_path/Frameworks",
					"@loader_path/Frameworks",
				);
				PRODUCT_BUNDLE_IDENTIFIER = "com.rightpoint.CarriersSharedAPI-tvOS";
				PRODUCT_NAME = "$(TARGET_NAME:c99extidentifier)";
				PROVISIONING_PROFILE_SPECIFIER = "";
				SDKROOT = appletvos;
				SKIP_INSTALL = YES;
				SWIFT_VERSION = 5.0;
				TARGETED_DEVICE_FAMILY = 3;
				TVOS_DEPLOYMENT_TARGET = 10.0;
				VERSIONING_SYSTEM = "apple-generic";
				VERSION_INFO_PREFIX = "";
			};
			name = Debug;
		};
		8A6C13892282524400F42E3A /* Release */ = {
			isa = XCBuildConfiguration;
			buildSettings = {
				CODE_SIGN_IDENTITY = "iPhone Distribution";
				CODE_SIGN_STYLE = Manual;
				CURRENT_PROJECT_VERSION = 1;
				DEFINES_MODULE = YES;
				DEVELOPMENT_TEAM = "";
				DYLIB_COMPATIBILITY_VERSION = 1;
				DYLIB_CURRENT_VERSION = 1;
				DYLIB_INSTALL_NAME_BASE = "@rpath";
				INFOPLIST_FILE = "CarriersSharedAPI-tvOS/Info.plist";
				INSTALL_PATH = "$(LOCAL_LIBRARY_DIR)/Frameworks";
				LD_RUNPATH_SEARCH_PATHS = (
					"$(inherited)",
					"@executable_path/Frameworks",
					"@loader_path/Frameworks",
				);
				PRODUCT_BUNDLE_IDENTIFIER = "com.rightpoint.CarriersSharedAPI-tvOS";
				PRODUCT_NAME = "$(TARGET_NAME:c99extidentifier)";
				PROVISIONING_PROFILE_SPECIFIER = "";
				SDKROOT = appletvos;
				SKIP_INSTALL = YES;
				SWIFT_VERSION = 5.0;
				TARGETED_DEVICE_FAMILY = 3;
				TVOS_DEPLOYMENT_TARGET = 10.0;
				VERSIONING_SYSTEM = "apple-generic";
				VERSION_INFO_PREFIX = "";
			};
			name = Release;
		};
		8AB309ED228614AA003E08D8 /* Debug */ = {
			isa = XCBuildConfiguration;
			buildSettings = {
				CODE_SIGN_STYLE = Manual;
				DEVELOPMENT_TEAM = "";
				INFOPLIST_FILE = CarriersSharedAPI/Tests/Info.plist;
				IPHONEOS_DEPLOYMENT_TARGET = 12.2;
				LD_RUNPATH_SEARCH_PATHS = (
					"$(inherited)",
					"@executable_path/Frameworks",
					"@loader_path/Frameworks",
				);
				PRODUCT_BUNDLE_IDENTIFIER = com.rightpoint.CarriersSharedAPITests;
				PRODUCT_NAME = "$(TARGET_NAME)";
				PROVISIONING_PROFILE_SPECIFIER = "";
				SWIFT_VERSION = 5.0;
				TARGETED_DEVICE_FAMILY = "1,2";
			};
			name = Debug;
		};
		8AB309EE228614AA003E08D8 /* Release */ = {
			isa = XCBuildConfiguration;
			buildSettings = {
				CODE_SIGN_STYLE = Manual;
				DEVELOPMENT_TEAM = "";
				INFOPLIST_FILE = CarriersSharedAPI/Tests/Info.plist;
				IPHONEOS_DEPLOYMENT_TARGET = 12.2;
				LD_RUNPATH_SEARCH_PATHS = (
					"$(inherited)",
					"@executable_path/Frameworks",
					"@loader_path/Frameworks",
				);
				PRODUCT_BUNDLE_IDENTIFIER = com.rightpoint.CarriersSharedAPITests;
				PRODUCT_NAME = "$(TARGET_NAME)";
				PROVISIONING_PROFILE_SPECIFIER = "";
				SWIFT_VERSION = 5.0;
				TARGETED_DEVICE_FAMILY = "1,2";
			};
			name = Release;
		};
/* End XCBuildConfiguration section */

/* Begin XCConfigurationList section */
		233AF965220A3B080023059C /* Build configuration list for PBXNativeTarget "CarriersSharedAPI" */ = {
			isa = XCConfigurationList;
			buildConfigurations = (
				233AF966220A3B080023059C /* Debug */,
				233AF967220A3B080023059C /* Release */,
			);
			defaultConfigurationIsVisible = 0;
			defaultConfigurationName = Release;
		};
		56BCE47E2203755D00196A17 /* Build configuration list for PBXProject "XCI-ProviderSDK-iOS" */ = {
			isa = XCConfigurationList;
			buildConfigurations = (
				56BCE4A92203755E00196A17 /* Debug */,
				56BCE4AA2203755E00196A17 /* Release */,
			);
			defaultConfigurationIsVisible = 0;
			defaultConfigurationName = Release;
		};
		8A6C13872282524400F42E3A /* Build configuration list for PBXNativeTarget "CarriersSharedAPI_tvOS" */ = {
			isa = XCConfigurationList;
			buildConfigurations = (
				8A6C13882282524400F42E3A /* Debug */,
				8A6C13892282524400F42E3A /* Release */,
			);
			defaultConfigurationIsVisible = 0;
			defaultConfigurationName = Release;
		};
		8AB309FB228614AA003E08D8 /* Build configuration list for PBXNativeTarget "CarriersSharedAPITests" */ = {
			isa = XCConfigurationList;
			buildConfigurations = (
				8AB309ED228614AA003E08D8 /* Debug */,
				8AB309EE228614AA003E08D8 /* Release */,
			);
			defaultConfigurationIsVisible = 0;
			defaultConfigurationName = Release;
		};
/* End XCConfigurationList section */
	};
	rootObject = 56BCE47B2203755D00196A17 /* Project object */;
}
