// !$*UTF8*$!
{
	archiveVersion = 1;
	classes = {
	};
	objectVersion = 48;
	objects = {

/* Begin PBXBuildFile section */
		0E3632E17571F73502FA7B32 /* Pods_BankApp.framework in Frameworks */ = {isa = PBXBuildFile; fileRef = FE6212B13800D51B30E3D4A9 /* Pods_BankApp.framework */; };
		233B6172220C98E8008A0E27 /* Debug.xcconfig in Resources */ = {isa = PBXBuildFile; fileRef = 233B616F220C98E8008A0E27 /* Debug.xcconfig */; };
		233B6173220C98E8008A0E27 /* Develop.xcconfig in Resources */ = {isa = PBXBuildFile; fileRef = 233B6170220C98E8008A0E27 /* Develop.xcconfig */; };
		233B6174220C98E8008A0E27 /* Sprint.xcconfig in Resources */ = {isa = PBXBuildFile; fileRef = 233B6171220C98E8008A0E27 /* Sprint.xcconfig */; };
		3508E23A211281940036E4A2 /* ServiceAPI.swift in Sources */ = {isa = PBXBuildFile; fileRef = 3508E239211281930036E4A2 /* ServiceAPI.swift */; };
		6682E1AC21228F9400DBE3C5 /* EnableVerifyViewController.swift in Sources */ = {isa = PBXBuildFile; fileRef = 6682E1AB21228F9400DBE3C5 /* EnableVerifyViewController.swift */; };
		7D43BF902024FA6700B9BE41 /* JsonDocument.swift in Sources */ = {isa = PBXBuildFile; fileRef = 7D43BF8F2024FA6700B9BE41 /* JsonDocument.swift */; };
		7D89C9D41FFE82F400AE1EF4 /* AppDelegate.swift in Sources */ = {isa = PBXBuildFile; fileRef = 7D89C9D31FFE82F400AE1EF4 /* AppDelegate.swift */; };
		7D89C9DB1FFE82F400AE1EF4 /* Assets.xcassets in Resources */ = {isa = PBXBuildFile; fileRef = 7D89C9DA1FFE82F400AE1EF4 /* Assets.xcassets */; };
		7D89C9DE1FFE82F400AE1EF4 /* LaunchScreen.storyboard in Resources */ = {isa = PBXBuildFile; fileRef = 7D89C9DC1FFE82F400AE1EF4 /* LaunchScreen.storyboard */; };
		7D89C9E61FFE8DD300AE1EF4 /* DictionaryUrlQuery.swift in Sources */ = {isa = PBXBuildFile; fileRef = 7D89C9E51FFE8DD300AE1EF4 /* DictionaryUrlQuery.swift */; };
		8C103E7C210787E600E232EE /* AppConfig.swift in Sources */ = {isa = PBXBuildFile; fileRef = 8C103E7B210787E600E232EE /* AppConfig.swift */; };
		8C6E736E212338F4003B15A4 /* DotView.swift in Sources */ = {isa = PBXBuildFile; fileRef = 8C6E736D212338F3003B15A4 /* DotView.swift */; };
		8C6E737021233B59003B15A4 /* EnterPINViewController.swift in Sources */ = {isa = PBXBuildFile; fileRef = 8C6E736F21233B58003B15A4 /* EnterPINViewController.swift */; };
		8C6E737321233C88003B15A4 /* extension.swift in Sources */ = {isa = PBXBuildFile; fileRef = 8C6E737221233C88003B15A4 /* extension.swift */; };
		8C87BE0C212666A900B24707 /* LoginViewController.swift in Sources */ = {isa = PBXBuildFile; fileRef = 8C87BE0B212666A900B24707 /* LoginViewController.swift */; };
		8C87BE0E212669DF00B24707 /* BankAppButton.swift in Sources */ = {isa = PBXBuildFile; fileRef = 8C87BE0D212669DE00B24707 /* BankAppButton.swift */; };
		8C87BE1021266A8B00B24707 /* AppTheme.swift in Sources */ = {isa = PBXBuildFile; fileRef = 8C87BE0F21266A8B00B24707 /* AppTheme.swift */; };
		8C87BE1221268FD500B24707 /* HomeViewController.swift in Sources */ = {isa = PBXBuildFile; fileRef = 8C87BE1121268FD500B24707 /* HomeViewController.swift */; };
		8CDE44DD212DCC4C00F403A2 /* GradientView.swift in Sources */ = {isa = PBXBuildFile; fileRef = 8CDE44DC212DCC4C00F403A2 /* GradientView.swift */; };
		8CFE96FF2121F22900542F46 /* ApproveViewController.swift in Sources */ = {isa = PBXBuildFile; fileRef = 8CFE96FE2121F22900542F46 /* ApproveViewController.swift */; };
/* End PBXBuildFile section */

/* Begin PBXCopyFilesBuildPhase section */
		81289E552199D2B900063A76 /* Embed Frameworks */ = {
			isa = PBXCopyFilesBuildPhase;
			buildActionMask = 2147483647;
			dstPath = "";
			dstSubfolderSpec = 10;
			files = (
			);
			name = "Embed Frameworks";
			runOnlyForDeploymentPostprocessing = 0;
		};
/* End PBXCopyFilesBuildPhase section */

/* Begin PBXFileReference section */
		13DCB7D89258CC6FC6E4F461 /* Pods-BankApp.sprint.xcconfig */ = {isa = PBXFileReference; includeInIndex = 1; lastKnownFileType = text.xcconfig; name = "Pods-BankApp.sprint.xcconfig"; path = "Pods/Target Support Files/Pods-BankApp/Pods-BankApp.sprint.xcconfig"; sourceTree = "<group>"; };
		233B616F220C98E8008A0E27 /* Debug.xcconfig */ = {isa = PBXFileReference; fileEncoding = 4; lastKnownFileType = text.xcconfig; path = Debug.xcconfig; sourceTree = "<group>"; };
		233B6170220C98E8008A0E27 /* Develop.xcconfig */ = {isa = PBXFileReference; fileEncoding = 4; lastKnownFileType = text.xcconfig; path = Develop.xcconfig; sourceTree = "<group>"; };
		233B6171220C98E8008A0E27 /* Sprint.xcconfig */ = {isa = PBXFileReference; fileEncoding = 4; lastKnownFileType = text.xcconfig; path = Sprint.xcconfig; sourceTree = "<group>"; };
		3508E239211281930036E4A2 /* ServiceAPI.swift */ = {isa = PBXFileReference; lastKnownFileType = sourcecode.swift; path = ServiceAPI.swift; sourceTree = "<group>"; };
		560601015C1001DE5EF28D8B /* Pods-BankApp.release.xcconfig */ = {isa = PBXFileReference; includeInIndex = 1; lastKnownFileType = text.xcconfig; name = "Pods-BankApp.release.xcconfig"; path = "Pods/Target Support Files/Pods-BankApp/Pods-BankApp.release.xcconfig"; sourceTree = "<group>"; };
		6682E1AB21228F9400DBE3C5 /* EnableVerifyViewController.swift */ = {isa = PBXFileReference; lastKnownFileType = sourcecode.swift; path = EnableVerifyViewController.swift; sourceTree = "<group>"; };
		7B9D0E5FDAD61C6D67BD854E /* Pods_BankAppTests.framework */ = {isa = PBXFileReference; explicitFileType = wrapper.framework; includeInIndex = 0; path = Pods_BankAppTests.framework; sourceTree = BUILT_PRODUCTS_DIR; };
		7D43BF8F2024FA6700B9BE41 /* JsonDocument.swift */ = {isa = PBXFileReference; fileEncoding = 4; lastKnownFileType = sourcecode.swift; path = JsonDocument.swift; sourceTree = "<group>"; };
		7D89C9D01FFE82F400AE1EF4 /* BankApp.app */ = {isa = PBXFileReference; explicitFileType = wrapper.application; includeInIndex = 0; path = BankApp.app; sourceTree = BUILT_PRODUCTS_DIR; };
		7D89C9D31FFE82F400AE1EF4 /* AppDelegate.swift */ = {isa = PBXFileReference; lastKnownFileType = sourcecode.swift; path = AppDelegate.swift; sourceTree = "<group>"; };
		7D89C9DA1FFE82F400AE1EF4 /* Assets.xcassets */ = {isa = PBXFileReference; lastKnownFileType = folder.assetcatalog; path = Assets.xcassets; sourceTree = "<group>"; };
		7D89C9DD1FFE82F400AE1EF4 /* Base */ = {isa = PBXFileReference; lastKnownFileType = file.storyboard; name = Base; path = Base.lproj/LaunchScreen.storyboard; sourceTree = "<group>"; };
		7D89C9DF1FFE82F400AE1EF4 /* Info.plist */ = {isa = PBXFileReference; lastKnownFileType = text.plist.xml; path = Info.plist; sourceTree = "<group>"; };
		7D89C9E51FFE8DD300AE1EF4 /* DictionaryUrlQuery.swift */ = {isa = PBXFileReference; fileEncoding = 4; lastKnownFileType = sourcecode.swift; path = DictionaryUrlQuery.swift; sourceTree = "<group>"; };
		810CAC5E21FE9686007F8A22 /* CarriersSharedAPI.framework */ = {isa = PBXFileReference; lastKnownFileType = wrapper.framework; path = CarriersSharedAPI.framework; sourceTree = "<group>"; };
		81289E4E2199D2A600063A76 /* AppAuth.framework */ = {isa = PBXFileReference; lastKnownFileType = wrapper.framework; path = AppAuth.framework; sourceTree = "<group>"; };
		89F9A01A772197F60C3FF63C /* Pods-BankApp.debug.xcconfig */ = {isa = PBXFileReference; includeInIndex = 1; lastKnownFileType = text.xcconfig; name = "Pods-BankApp.debug.xcconfig"; path = "Pods/Target Support Files/Pods-BankApp/Pods-BankApp.debug.xcconfig"; sourceTree = "<group>"; };
		8C103E7B210787E600E232EE /* AppConfig.swift */ = {isa = PBXFileReference; lastKnownFileType = sourcecode.swift; path = AppConfig.swift; sourceTree = "<group>"; };
		8C6E736D212338F3003B15A4 /* DotView.swift */ = {isa = PBXFileReference; fileEncoding = 4; lastKnownFileType = sourcecode.swift; path = DotView.swift; sourceTree = "<group>"; };
		8C6E736F21233B58003B15A4 /* EnterPINViewController.swift */ = {isa = PBXFileReference; fileEncoding = 4; lastKnownFileType = sourcecode.swift; path = EnterPINViewController.swift; sourceTree = "<group>"; };
		8C6E737221233C88003B15A4 /* extension.swift */ = {isa = PBXFileReference; fileEncoding = 4; lastKnownFileType = sourcecode.swift; path = extension.swift; sourceTree = "<group>"; };
		8C87BE0B212666A900B24707 /* LoginViewController.swift */ = {isa = PBXFileReference; lastKnownFileType = sourcecode.swift; path = LoginViewController.swift; sourceTree = "<group>"; };
		8C87BE0D212669DE00B24707 /* BankAppButton.swift */ = {isa = PBXFileReference; fileEncoding = 4; lastKnownFileType = sourcecode.swift; path = BankAppButton.swift; sourceTree = "<group>"; };
		8C87BE0F21266A8B00B24707 /* AppTheme.swift */ = {isa = PBXFileReference; lastKnownFileType = sourcecode.swift; path = AppTheme.swift; sourceTree = "<group>"; };
		8C87BE1121268FD500B24707 /* HomeViewController.swift */ = {isa = PBXFileReference; lastKnownFileType = sourcecode.swift; path = HomeViewController.swift; sourceTree = "<group>"; };
		8CDE44DC212DCC4C00F403A2 /* GradientView.swift */ = {isa = PBXFileReference; lastKnownFileType = sourcecode.swift; path = GradientView.swift; sourceTree = "<group>"; };
		8CFE96FE2121F22900542F46 /* ApproveViewController.swift */ = {isa = PBXFileReference; lastKnownFileType = sourcecode.swift; path = ApproveViewController.swift; sourceTree = "<group>"; };
		F47BE0F508829E84600C85E1 /* Pods-BankApp.develop.xcconfig */ = {isa = PBXFileReference; includeInIndex = 1; lastKnownFileType = text.xcconfig; name = "Pods-BankApp.develop.xcconfig"; path = "Pods/Target Support Files/Pods-BankApp/Pods-BankApp.develop.xcconfig"; sourceTree = "<group>"; };
		FE6212B13800D51B30E3D4A9 /* Pods_BankApp.framework */ = {isa = PBXFileReference; explicitFileType = wrapper.framework; includeInIndex = 0; path = Pods_BankApp.framework; sourceTree = BUILT_PRODUCTS_DIR; };
/* End PBXFileReference section */

/* Begin PBXFrameworksBuildPhase section */
		7D89C9CD1FFE82F400AE1EF4 /* Frameworks */ = {
			isa = PBXFrameworksBuildPhase;
			buildActionMask = 2147483647;
			files = (
				0E3632E17571F73502FA7B32 /* Pods_BankApp.framework in Frameworks */,
			);
			runOnlyForDeploymentPostprocessing = 0;
		};
/* End PBXFrameworksBuildPhase section */

/* Begin PBXGroup section */
		233B616D220C98E8008A0E27 /* Resources */ = {
			isa = PBXGroup;
			children = (
				233B616E220C98E8008A0E27 /* xcconfig */,
			);
			path = Resources;
			sourceTree = "<group>";
		};
		233B616E220C98E8008A0E27 /* xcconfig */ = {
			isa = PBXGroup;
			children = (
				233B616F220C98E8008A0E27 /* Debug.xcconfig */,
				233B6170220C98E8008A0E27 /* Develop.xcconfig */,
				233B6171220C98E8008A0E27 /* Sprint.xcconfig */,
			);
			path = xcconfig;
			sourceTree = "<group>";
		};
		7D43BF8E2024FA5000B9BE41 /* Utilities */ = {
			isa = PBXGroup;
			children = (
				8C103E7B210787E600E232EE /* AppConfig.swift */,
				7D89C9E51FFE8DD300AE1EF4 /* DictionaryUrlQuery.swift */,
				7D43BF8F2024FA6700B9BE41 /* JsonDocument.swift */,
			);
			path = Utilities;
			sourceTree = "<group>";
		};
		7D89C9C71FFE82F400AE1EF4 = {
			isa = PBXGroup;
			children = (
				7D89C9D21FFE82F400AE1EF4 /* BankApp */,
				7D89C9D11FFE82F400AE1EF4 /* Products */,
				8CBB8CCA2107DE940050A495 /* Frameworks */,
				A814D1CAEF823D4033B324F9 /* Pods */,
			);
			sourceTree = "<group>";
		};
		7D89C9D11FFE82F400AE1EF4 /* Products */ = {
			isa = PBXGroup;
			children = (
				7D89C9D01FFE82F400AE1EF4 /* BankApp.app */,
			);
			name = Products;
			sourceTree = "<group>";
		};
		7D89C9D21FFE82F400AE1EF4 /* BankApp */ = {
			isa = PBXGroup;
			children = (
				233B616D220C98E8008A0E27 /* Resources */,
				8CDE44DB212DCC1B00F403A2 /* Views */,
				8C6E737121233C3F003B15A4 /* Extensions */,
				8C6E736F21233B58003B15A4 /* EnterPINViewController.swift */,
				7D89C9D31FFE82F400AE1EF4 /* AppDelegate.swift */,
				8CFE96FE2121F22900542F46 /* ApproveViewController.swift */,
				6682E1AB21228F9400DBE3C5 /* EnableVerifyViewController.swift */,
				7D89C9DA1FFE82F400AE1EF4 /* Assets.xcassets */,
				7D89C9DC1FFE82F400AE1EF4 /* LaunchScreen.storyboard */,
				7D89C9DF1FFE82F400AE1EF4 /* Info.plist */,
				7D43BF8E2024FA5000B9BE41 /* Utilities */,
				3508E239211281930036E4A2 /* ServiceAPI.swift */,
				8C87BE0B212666A900B24707 /* LoginViewController.swift */,
				8C87BE0F21266A8B00B24707 /* AppTheme.swift */,
				8C87BE1121268FD500B24707 /* HomeViewController.swift */,
			);
			path = BankApp;
			sourceTree = "<group>";
			usesTabs = 0;
		};
		8C6E737121233C3F003B15A4 /* Extensions */ = {
			isa = PBXGroup;
			children = (
				8C6E737221233C88003B15A4 /* extension.swift */,
			);
			path = Extensions;
			sourceTree = "<group>";
		};
		8CBB8CCA2107DE940050A495 /* Frameworks */ = {
			isa = PBXGroup;
			children = (
				81289E4E2199D2A600063A76 /* AppAuth.framework */,
				810CAC5E21FE9686007F8A22 /* CarriersSharedAPI.framework */,
				FE6212B13800D51B30E3D4A9 /* Pods_BankApp.framework */,
				7B9D0E5FDAD61C6D67BD854E /* Pods_BankAppTests.framework */,
			);
			name = Frameworks;
			sourceTree = "<group>";
		};
		8CDE44DB212DCC1B00F403A2 /* Views */ = {
			isa = PBXGroup;
			children = (
				8C87BE0D212669DE00B24707 /* BankAppButton.swift */,
				8C6E736D212338F3003B15A4 /* DotView.swift */,
				8CDE44DC212DCC4C00F403A2 /* GradientView.swift */,
			);
			path = Views;
			sourceTree = "<group>";
		};
		A814D1CAEF823D4033B324F9 /* Pods */ = {
			isa = PBXGroup;
			children = (
				89F9A01A772197F60C3FF63C /* Pods-BankApp.debug.xcconfig */,
				560601015C1001DE5EF28D8B /* Pods-BankApp.release.xcconfig */,
				F47BE0F508829E84600C85E1 /* Pods-BankApp.develop.xcconfig */,
				13DCB7D89258CC6FC6E4F461 /* Pods-BankApp.sprint.xcconfig */,
			);
			name = Pods;
			sourceTree = "<group>";
		};
/* End PBXGroup section */

/* Begin PBXNativeTarget section */
		7D89C9CF1FFE82F400AE1EF4 /* BankApp */ = {
			isa = PBXNativeTarget;
			buildConfigurationList = 7D89C9E21FFE82F400AE1EF4 /* Build configuration list for PBXNativeTarget "BankApp" */;
			buildPhases = (
				47CA9DCC069769DE0E520466 /* [CP] Check Pods Manifest.lock */,
				7D89C9CC1FFE82F400AE1EF4 /* Sources */,
				7D89C9CD1FFE82F400AE1EF4 /* Frameworks */,
				7D89C9CE1FFE82F400AE1EF4 /* Resources */,
				81289E552199D2B900063A76 /* Embed Frameworks */,
				5D48F3F38E6F26FFC50DF3AA /* [CP] Embed Pods Frameworks */,
			);
			buildRules = (
			);
			dependencies = (
			);
			name = BankApp;
			productName = SocialApp;
			productReference = 7D89C9D01FFE82F400AE1EF4 /* BankApp.app */;
			productType = "com.apple.product-type.application";
		};
/* End PBXNativeTarget section */

/* Begin PBXProject section */
		7D89C9C81FFE82F400AE1EF4 /* Project object */ = {
			isa = PBXProject;
			attributes = {
				LastSwiftUpdateCheck = 1010;
				LastUpgradeCheck = 0940;
				ORGANIZATIONNAME = "AT&T";
				TargetAttributes = {
					7D89C9CF1FFE82F400AE1EF4 = {
						CreatedOnToolsVersion = 9.2;
						ProvisioningStyle = Manual;
						SystemCapabilities = {
							com.apple.Maps.iOS = {
								enabled = 0;
							};
							com.apple.SafariKeychain = {
								enabled = 1;
							};
						};
					};
				};
			};
			buildConfigurationList = 7D89C9CB1FFE82F400AE1EF4 /* Build configuration list for PBXProject "BankApp" */;
			compatibilityVersion = "Xcode 8.0";
			developmentRegion = en;
			hasScannedForEncodings = 0;
			knownRegions = (
				en,
				Base,
			);
			mainGroup = 7D89C9C71FFE82F400AE1EF4;
			productRefGroup = 7D89C9D11FFE82F400AE1EF4 /* Products */;
			projectDirPath = "";
			projectRoot = "";
			targets = (
				7D89C9CF1FFE82F400AE1EF4 /* BankApp */,
			);
		};
/* End PBXProject section */

/* Begin PBXResourcesBuildPhase section */
		7D89C9CE1FFE82F400AE1EF4 /* Resources */ = {
			isa = PBXResourcesBuildPhase;
			buildActionMask = 2147483647;
			files = (
				7D89C9DE1FFE82F400AE1EF4 /* LaunchScreen.storyboard in Resources */,
				233B6174220C98E8008A0E27 /* Sprint.xcconfig in Resources */,
				7D89C9DB1FFE82F400AE1EF4 /* Assets.xcassets in Resources */,
				233B6173220C98E8008A0E27 /* Develop.xcconfig in Resources */,
				233B6172220C98E8008A0E27 /* Debug.xcconfig in Resources */,
			);
			runOnlyForDeploymentPostprocessing = 0;
		};
/* End PBXResourcesBuildPhase section */

/* Begin PBXShellScriptBuildPhase section */
		47CA9DCC069769DE0E520466 /* [CP] Check Pods Manifest.lock */ = {
			isa = PBXShellScriptBuildPhase;
			buildActionMask = 2147483647;
			files = (
			);
			inputFileListPaths = (
			);
			inputPaths = (
				"${PODS_PODFILE_DIR_PATH}/Podfile.lock",
				"${PODS_ROOT}/Manifest.lock",
			);
			name = "[CP] Check Pods Manifest.lock";
			outputFileListPaths = (
			);
			outputPaths = (
				"$(DERIVED_FILE_DIR)/Pods-BankApp-checkManifestLockResult.txt",
			);
			runOnlyForDeploymentPostprocessing = 0;
			shellPath = /bin/sh;
			shellScript = "diff \"${PODS_PODFILE_DIR_PATH}/Podfile.lock\" \"${PODS_ROOT}/Manifest.lock\" > /dev/null\nif [ $? != 0 ] ; then\n    # print error to STDERR\n    echo \"error: The sandbox is not in sync with the Podfile.lock. Run 'pod install' or update your CocoaPods installation.\" >&2\n    exit 1\nfi\n# This output is used by Xcode 'outputs' to avoid re-running this script phase.\necho \"SUCCESS\" > \"${SCRIPT_OUTPUT_FILE_0}\"\n";
			showEnvVarsInLog = 0;
		};
		5D48F3F38E6F26FFC50DF3AA /* [CP] Embed Pods Frameworks */ = {
			isa = PBXShellScriptBuildPhase;
			buildActionMask = 2147483647;
			files = (
			);
			inputFileListPaths = (
			);
			inputPaths = (
				"${PODS_ROOT}/Target Support Files/Pods-BankApp/Pods-BankApp-frameworks.sh",
				"${BUILT_PRODUCTS_DIR}/AppAuth/AppAuth.framework",
				"${BUILT_PRODUCTS_DIR}/CarriersSharedAPI/CarriersSharedAPI.framework",
			);
			name = "[CP] Embed Pods Frameworks";
			outputFileListPaths = (
			);
			outputPaths = (
				"${TARGET_BUILD_DIR}/${FRAMEWORKS_FOLDER_PATH}/AppAuth.framework",
				"${TARGET_BUILD_DIR}/${FRAMEWORKS_FOLDER_PATH}/CarriersSharedAPI.framework",
			);
			runOnlyForDeploymentPostprocessing = 0;
			shellPath = /bin/sh;
			shellScript = "\"${PODS_ROOT}/Target Support Files/Pods-BankApp/Pods-BankApp-frameworks.sh\"\n";
			showEnvVarsInLog = 0;
		};
/* End PBXShellScriptBuildPhase section */

/* Begin PBXSourcesBuildPhase section */
		7D89C9CC1FFE82F400AE1EF4 /* Sources */ = {
			isa = PBXSourcesBuildPhase;
			buildActionMask = 2147483647;
			files = (
				8C87BE0C212666A900B24707 /* LoginViewController.swift in Sources */,
				3508E23A211281940036E4A2 /* ServiceAPI.swift in Sources */,
				8C103E7C210787E600E232EE /* AppConfig.swift in Sources */,
				8C87BE1221268FD500B24707 /* HomeViewController.swift in Sources */,
				8C87BE0E212669DF00B24707 /* BankAppButton.swift in Sources */,
				8C6E737021233B59003B15A4 /* EnterPINViewController.swift in Sources */,
				8CFE96FF2121F22900542F46 /* ApproveViewController.swift in Sources */,
				8CDE44DD212DCC4C00F403A2 /* GradientView.swift in Sources */,
				8C6E736E212338F4003B15A4 /* DotView.swift in Sources */,
				8C6E737321233C88003B15A4 /* extension.swift in Sources */,
				7D89C9E61FFE8DD300AE1EF4 /* DictionaryUrlQuery.swift in Sources */,
				7D43BF902024FA6700B9BE41 /* JsonDocument.swift in Sources */,
				8C87BE1021266A8B00B24707 /* AppTheme.swift in Sources */,
				6682E1AC21228F9400DBE3C5 /* EnableVerifyViewController.swift in Sources */,
				7D89C9D41FFE82F400AE1EF4 /* AppDelegate.swift in Sources */,
			);
			runOnlyForDeploymentPostprocessing = 0;
		};
/* End PBXSourcesBuildPhase section */

/* Begin PBXVariantGroup section */
		7D89C9DC1FFE82F400AE1EF4 /* LaunchScreen.storyboard */ = {
			isa = PBXVariantGroup;
			children = (
				7D89C9DD1FFE82F400AE1EF4 /* Base */,
			);
			name = LaunchScreen.storyboard;
			sourceTree = "<group>";
		};
/* End PBXVariantGroup section */

/* Begin XCBuildConfiguration section */
		233B6175220C990A008A0E27 /* Develop */ = {
			isa = XCBuildConfiguration;
			baseConfigurationReference = 233B6170220C98E8008A0E27 /* Develop.xcconfig */;
			buildSettings = {
				ALWAYS_SEARCH_USER_PATHS = NO;
				CLANG_ANALYZER_NONNULL = YES;
				CLANG_ANALYZER_NUMBER_OBJECT_CONVERSION = YES_AGGRESSIVE;
				CLANG_CXX_LANGUAGE_STANDARD = "gnu++14";
				CLANG_CXX_LIBRARY = "libc++";
				CLANG_ENABLE_MODULES = YES;
				CLANG_ENABLE_OBJC_ARC = YES;
				CLANG_WARN_BLOCK_CAPTURE_AUTORELEASING = YES;
				CLANG_WARN_BOOL_CONVERSION = YES;
				CLANG_WARN_COMMA = YES;
				CLANG_WARN_CONSTANT_CONVERSION = YES;
				CLANG_WARN_DEPRECATED_OBJC_IMPLEMENTATIONS = YES;
				CLANG_WARN_DIRECT_OBJC_ISA_USAGE = YES_ERROR;
				CLANG_WARN_DOCUMENTATION_COMMENTS = YES;
				CLANG_WARN_EMPTY_BODY = YES;
				CLANG_WARN_ENUM_CONVERSION = YES;
				CLANG_WARN_INFINITE_RECURSION = YES;
				CLANG_WARN_INT_CONVERSION = YES;
				CLANG_WARN_NON_LITERAL_NULL_CONVERSION = YES;
				CLANG_WARN_OBJC_IMPLICIT_RETAIN_SELF = YES;
				CLANG_WARN_OBJC_LITERAL_CONVERSION = YES;
				CLANG_WARN_OBJC_ROOT_CLASS = YES_ERROR;
				CLANG_WARN_RANGE_LOOP_ANALYSIS = YES;
				CLANG_WARN_STRICT_PROTOTYPES = YES;
				CLANG_WARN_SUSPICIOUS_MOVE = YES;
				CLANG_WARN_UNGUARDED_AVAILABILITY = YES_AGGRESSIVE;
				CLANG_WARN_UNREACHABLE_CODE = YES;
				CLANG_WARN__DUPLICATE_METHOD_MATCH = YES;
				CODE_SIGN_IDENTITY = "iPhone Developer";
				COPY_PHASE_STRIP = NO;
				DEBUG_INFORMATION_FORMAT = dwarf;
				ENABLE_STRICT_OBJC_MSGSEND = YES;
				ENABLE_TESTABILITY = YES;
				GCC_C_LANGUAGE_STANDARD = gnu11;
				GCC_DYNAMIC_NO_PIC = NO;
				GCC_NO_COMMON_BLOCKS = YES;
				GCC_OPTIMIZATION_LEVEL = 0;
				GCC_PREPROCESSOR_DEFINITIONS = (
					"DEBUG=1",
					"$(inherited)",
				);
				GCC_WARN_64_TO_32_BIT_CONVERSION = YES;
				GCC_WARN_ABOUT_RETURN_TYPE = YES_ERROR;
				GCC_WARN_UNDECLARED_SELECTOR = YES;
				GCC_WARN_UNINITIALIZED_AUTOS = YES_AGGRESSIVE;
				GCC_WARN_UNUSED_FUNCTION = YES;
				GCC_WARN_UNUSED_VARIABLE = YES;
				IPHONEOS_DEPLOYMENT_TARGET = 10.0;
				MTL_ENABLE_DEBUG_INFO = YES;
				ONLY_ACTIVE_ARCH = YES;
				SDKROOT = iphoneos;
				SWIFT_ACTIVE_COMPILATION_CONDITIONS = DEBUG;
				SWIFT_OPTIMIZATION_LEVEL = "-Onone";
			};
			name = Develop;
		};
		233B6176220C990A008A0E27 /* Develop */ = {
			isa = XCBuildConfiguration;
			baseConfigurationReference = F47BE0F508829E84600C85E1 /* Pods-BankApp.develop.xcconfig */;
			buildSettings = {
				ASSETCATALOG_COMPILER_APPICON_NAME = AppIcon;
				CODE_SIGN_ENTITLEMENTS = "";
				CODE_SIGN_IDENTITY = "${CODE_SIGN_IDENTITY_DEMO_APPS}";
				CODE_SIGN_STYLE = Manual;
				DEVELOPMENT_TEAM = "${DEVELOPMENT_TEAM}";
				FRAMEWORK_SEARCH_PATHS = (
					"$(inherited)",
					"$(PROJECT_DIR)",
				);
				INFOPLIST_FILE = BankApp/Info.plist;
				IPHONEOS_DEPLOYMENT_TARGET = 10.3;
				LD_RUNPATH_SEARCH_PATHS = "$(inherited) @executable_path/Frameworks";
				PRODUCT_BUNDLE_IDENTIFIER = "${PRODUCT_BUNDLE_IDENTIFIER}";
				PRODUCT_NAME = "$(TARGET_NAME)";
				PROVISIONING_PROFILE = "";
				PROVISIONING_PROFILE_SPECIFIER = "${PROVISIONING_PROFILE_DEMO_APPS}";
				SWIFT_VERSION = 4.0;
				TARGETED_DEVICE_FAMILY = "1,2";
			};
			name = Develop;
		};
		7D89C9E01FFE82F400AE1EF4 /* Debug */ = {
			isa = XCBuildConfiguration;
			baseConfigurationReference = 233B616F220C98E8008A0E27 /* Debug.xcconfig */;
			buildSettings = {
				ALWAYS_SEARCH_USER_PATHS = NO;
				CLANG_ANALYZER_NONNULL = YES;
				CLANG_ANALYZER_NUMBER_OBJECT_CONVERSION = YES_AGGRESSIVE;
				CLANG_CXX_LANGUAGE_STANDARD = "gnu++14";
				CLANG_CXX_LIBRARY = "libc++";
				CLANG_ENABLE_MODULES = YES;
				CLANG_ENABLE_OBJC_ARC = YES;
				CLANG_WARN_BLOCK_CAPTURE_AUTORELEASING = YES;
				CLANG_WARN_BOOL_CONVERSION = YES;
				CLANG_WARN_COMMA = YES;
				CLANG_WARN_CONSTANT_CONVERSION = YES;
				CLANG_WARN_DEPRECATED_OBJC_IMPLEMENTATIONS = YES;
				CLANG_WARN_DIRECT_OBJC_ISA_USAGE = YES_ERROR;
				CLANG_WARN_DOCUMENTATION_COMMENTS = YES;
				CLANG_WARN_EMPTY_BODY = YES;
				CLANG_WARN_ENUM_CONVERSION = YES;
				CLANG_WARN_INFINITE_RECURSION = YES;
				CLANG_WARN_INT_CONVERSION = YES;
				CLANG_WARN_NON_LITERAL_NULL_CONVERSION = YES;
				CLANG_WARN_OBJC_IMPLICIT_RETAIN_SELF = YES;
				CLANG_WARN_OBJC_LITERAL_CONVERSION = YES;
				CLANG_WARN_OBJC_ROOT_CLASS = YES_ERROR;
				CLANG_WARN_RANGE_LOOP_ANALYSIS = YES;
				CLANG_WARN_STRICT_PROTOTYPES = YES;
				CLANG_WARN_SUSPICIOUS_MOVE = YES;
				CLANG_WARN_UNGUARDED_AVAILABILITY = YES_AGGRESSIVE;
				CLANG_WARN_UNREACHABLE_CODE = YES;
				CLANG_WARN__DUPLICATE_METHOD_MATCH = YES;
				CODE_SIGN_IDENTITY = "iPhone Developer";
				COPY_PHASE_STRIP = NO;
				DEBUG_INFORMATION_FORMAT = dwarf;
				ENABLE_STRICT_OBJC_MSGSEND = YES;
				ENABLE_TESTABILITY = YES;
				GCC_C_LANGUAGE_STANDARD = gnu11;
				GCC_DYNAMIC_NO_PIC = NO;
				GCC_NO_COMMON_BLOCKS = YES;
				GCC_OPTIMIZATION_LEVEL = 0;
				GCC_PREPROCESSOR_DEFINITIONS = (
					"DEBUG=1",
					"$(inherited)",
				);
				GCC_WARN_64_TO_32_BIT_CONVERSION = YES;
				GCC_WARN_ABOUT_RETURN_TYPE = YES_ERROR;
				GCC_WARN_UNDECLARED_SELECTOR = YES;
				GCC_WARN_UNINITIALIZED_AUTOS = YES_AGGRESSIVE;
				GCC_WARN_UNUSED_FUNCTION = YES;
				GCC_WARN_UNUSED_VARIABLE = YES;
				IPHONEOS_DEPLOYMENT_TARGET = 10.0;
				MTL_ENABLE_DEBUG_INFO = YES;
				ONLY_ACTIVE_ARCH = YES;
				SDKROOT = iphoneos;
				SWIFT_ACTIVE_COMPILATION_CONDITIONS = DEBUG;
				SWIFT_OPTIMIZATION_LEVEL = "-Onone";
			};
			name = Debug;
		};
		7D89C9E11FFE82F400AE1EF4 /* Sprint */ = {
			isa = XCBuildConfiguration;
			baseConfigurationReference = 233B6171220C98E8008A0E27 /* Sprint.xcconfig */;
			buildSettings = {
				ALWAYS_SEARCH_USER_PATHS = NO;
				CLANG_ANALYZER_NONNULL = YES;
				CLANG_ANALYZER_NUMBER_OBJECT_CONVERSION = YES_AGGRESSIVE;
				CLANG_CXX_LANGUAGE_STANDARD = "gnu++14";
				CLANG_CXX_LIBRARY = "libc++";
				CLANG_ENABLE_MODULES = YES;
				CLANG_ENABLE_OBJC_ARC = YES;
				CLANG_WARN_BLOCK_CAPTURE_AUTORELEASING = YES;
				CLANG_WARN_BOOL_CONVERSION = YES;
				CLANG_WARN_COMMA = YES;
				CLANG_WARN_CONSTANT_CONVERSION = YES;
				CLANG_WARN_DEPRECATED_OBJC_IMPLEMENTATIONS = YES;
				CLANG_WARN_DIRECT_OBJC_ISA_USAGE = YES_ERROR;
				CLANG_WARN_DOCUMENTATION_COMMENTS = YES;
				CLANG_WARN_EMPTY_BODY = YES;
				CLANG_WARN_ENUM_CONVERSION = YES;
				CLANG_WARN_INFINITE_RECURSION = YES;
				CLANG_WARN_INT_CONVERSION = YES;
				CLANG_WARN_NON_LITERAL_NULL_CONVERSION = YES;
				CLANG_WARN_OBJC_IMPLICIT_RETAIN_SELF = YES;
				CLANG_WARN_OBJC_LITERAL_CONVERSION = YES;
				CLANG_WARN_OBJC_ROOT_CLASS = YES_ERROR;
				CLANG_WARN_RANGE_LOOP_ANALYSIS = YES;
				CLANG_WARN_STRICT_PROTOTYPES = YES;
				CLANG_WARN_SUSPICIOUS_MOVE = YES;
				CLANG_WARN_UNGUARDED_AVAILABILITY = YES_AGGRESSIVE;
				CLANG_WARN_UNREACHABLE_CODE = YES;
				CLANG_WARN__DUPLICATE_METHOD_MATCH = YES;
				CODE_SIGN_IDENTITY = "iPhone Developer";
				COPY_PHASE_STRIP = NO;
				DEBUG_INFORMATION_FORMAT = "dwarf-with-dsym";
				ENABLE_NS_ASSERTIONS = NO;
				ENABLE_STRICT_OBJC_MSGSEND = YES;
				GCC_C_LANGUAGE_STANDARD = gnu11;
				GCC_NO_COMMON_BLOCKS = YES;
				GCC_WARN_64_TO_32_BIT_CONVERSION = YES;
				GCC_WARN_ABOUT_RETURN_TYPE = YES_ERROR;
				GCC_WARN_UNDECLARED_SELECTOR = YES;
				GCC_WARN_UNINITIALIZED_AUTOS = YES_AGGRESSIVE;
				GCC_WARN_UNUSED_FUNCTION = YES;
				GCC_WARN_UNUSED_VARIABLE = YES;
				IPHONEOS_DEPLOYMENT_TARGET = 10.0;
				MTL_ENABLE_DEBUG_INFO = NO;
				SDKROOT = iphoneos;
				SWIFT_OPTIMIZATION_LEVEL = "-Owholemodule";
				VALIDATE_PRODUCT = YES;
			};
			name = Sprint;
		};
		7D89C9E31FFE82F400AE1EF4 /* Debug */ = {
			isa = XCBuildConfiguration;
			baseConfigurationReference = 89F9A01A772197F60C3FF63C /* Pods-BankApp.debug.xcconfig */;
			buildSettings = {
				ASSETCATALOG_COMPILER_APPICON_NAME = AppIcon;
				CODE_SIGN_ENTITLEMENTS = "";
				CODE_SIGN_IDENTITY = "${CODE_SIGN_IDENTITY_DEMO_APPS}";
				CODE_SIGN_STYLE = Manual;
				DEVELOPMENT_TEAM = "${DEVELOPMENT_TEAM}";
				FRAMEWORK_SEARCH_PATHS = (
					"$(inherited)",
					"$(PROJECT_DIR)",
				);
				INFOPLIST_FILE = BankApp/Info.plist;
				IPHONEOS_DEPLOYMENT_TARGET = 10.3;
				LD_RUNPATH_SEARCH_PATHS = "$(inherited) @executable_path/Frameworks";
				PRODUCT_BUNDLE_IDENTIFIER = "${PRODUCT_BUNDLE_IDENTIFIER}";
				PRODUCT_NAME = "$(TARGET_NAME)";
				PROVISIONING_PROFILE = "";
				PROVISIONING_PROFILE_SPECIFIER = "Raizlabs Wildcard App ID";
				SWIFT_VERSION = 4.0;
				TARGETED_DEVICE_FAMILY = "1,2";
			};
			name = Debug;
		};
		7D89C9E41FFE82F400AE1EF4 /* Sprint */ = {
			isa = XCBuildConfiguration;
			baseConfigurationReference = 13DCB7D89258CC6FC6E4F461 /* Pods-BankApp.sprint.xcconfig */;
			buildSettings = {
				ASSETCATALOG_COMPILER_APPICON_NAME = AppIcon;
				CODE_SIGN_ENTITLEMENTS = "";
				CODE_SIGN_IDENTITY = "${CODE_SIGN_IDENTITY_DEMO_APPS}";
				CODE_SIGN_STYLE = Manual;
				DEVELOPMENT_TEAM = "${DEVELOPMENT_TEAM}";
				FRAMEWORK_SEARCH_PATHS = (
					"$(inherited)",
					"$(PROJECT_DIR)",
				);
				INFOPLIST_FILE = BankApp/Info.plist;
				IPHONEOS_DEPLOYMENT_TARGET = 10.3;
				LD_RUNPATH_SEARCH_PATHS = "$(inherited) @executable_path/Frameworks";
				PRODUCT_BUNDLE_IDENTIFIER = "${PRODUCT_BUNDLE_IDENTIFIER}";
				PRODUCT_NAME = "$(TARGET_NAME)";
				PROVISIONING_PROFILE_SPECIFIER = "${PROVISIONING_PROFILE_DEMO_APPS}";
				SWIFT_VERSION = 4.0;
				TARGETED_DEVICE_FAMILY = "1,2";
			};
			name = Sprint;
		};
/* End XCBuildConfiguration section */

/* Begin XCConfigurationList section */
		7D89C9CB1FFE82F400AE1EF4 /* Build configuration list for PBXProject "BankApp" */ = {
			isa = XCConfigurationList;
			buildConfigurations = (
				7D89C9E01FFE82F400AE1EF4 /* Debug */,
				233B6175220C990A008A0E27 /* Develop */,
				7D89C9E11FFE82F400AE1EF4 /* Sprint */,
			);
			defaultConfigurationIsVisible = 0;
			defaultConfigurationName = Sprint;
		};
		7D89C9E21FFE82F400AE1EF4 /* Build configuration list for PBXNativeTarget "BankApp" */ = {
			isa = XCConfigurationList;
			buildConfigurations = (
				7D89C9E31FFE82F400AE1EF4 /* Debug */,
				233B6176220C990A008A0E27 /* Develop */,
				7D89C9E41FFE82F400AE1EF4 /* Sprint */,
			);
			defaultConfigurationIsVisible = 0;
			defaultConfigurationName = Sprint;
		};
/* End XCConfigurationList section */
	};
	rootObject = 7D89C9C81FFE82F400AE1EF4 /* Project object */;
}
