PODS:
  - ZenKeySDK (0.0.1)

DEPENDENCIES:
  - ZenKeySDK (from `../../ZenKeySDK.podspec`)

EXTERNAL SOURCES:
  ZenKeySDK:
    :path: "../../ZenKeySDK.podspec"

SPEC CHECKSUMS:
  ZenKeySDK: 11782f53d0e80adbc0bb5035ceeb3efe6892e2dd

PODFILE CHECKSUM: 8f9df711fd20e2dfeaf189c949e180f0b927afea

COCOAPODS: 1.6.0
